// !$*UTF8*$!
{
	archiveVersion = 1;
	classes = {
	};
	objectVersion = 55;
	objects = {

/* Begin PBXBuildFile section */
		18098B0627E6168A00E8DB57 /* timer.cpp in Sources */ = {isa = PBXBuildFile; fileRef = 18098AD827E6168700E8DB57 /* timer.cpp */; };
		18098B0727E6168A00E8DB57 /* interrupthandler.cpp in Sources */ = {isa = PBXBuildFile; fileRef = 18098ADD27E6168700E8DB57 /* interrupthandler.cpp */; };
		18098B0827E6168A00E8DB57 /* vsprintf.c in Sources */ = {isa = PBXBuildFile; fileRef = 18098AE127E6168800E8DB57 /* vsprintf.c */; };
		18098B0927E6168A00E8DB57 /* kernel.c in Sources */ = {isa = PBXBuildFile; fileRef = 18098AE727E6168800E8DB57 /* kernel.c */; };
		18098B0A27E6168A00E8DB57 /* console.cpp in Sources */ = {isa = PBXBuildFile; fileRef = 18098AF227E6168900E8DB57 /* console.cpp */; };
/* End PBXBuildFile section */

/* Begin PBXCopyFilesBuildPhase section */
		18098ACA27E6165A00E8DB57 /* CopyFiles */ = {
			isa = PBXCopyFilesBuildPhase;
			buildActionMask = 2147483647;
			dstPath = /usr/share/man/man1/;
			dstSubfolderSpec = 0;
			files = (
			);
			runOnlyForDeploymentPostprocessing = 1;
		};
/* End PBXCopyFilesBuildPhase section */

/* Begin PBXFileReference section */
		18098ACC27E6165A00E8DB57 /* kernel */ = {isa = PBXFileReference; explicitFileType = "compiled.mach-o.executable"; includeInIndex = 0; path = kernel; sourceTree = BUILT_PRODUCTS_DIR; };
		18098AD627E6168700E8DB57 /* uapi */ = {isa = PBXFileReference; lastKnownFileType = folder; path = uapi; sourceTree = "<group>"; };
		18098AD727E6168700E8DB57 /* interrupthandler.h */ = {isa = PBXFileReference; fileEncoding = 4; lastKnownFileType = sourcecode.c.h; path = interrupthandler.h; sourceTree = "<group>"; };
		18098AD827E6168700E8DB57 /* timer.cpp */ = {isa = PBXFileReference; fileEncoding = 4; lastKnownFileType = sourcecode.cpp.cpp; path = timer.cpp; sourceTree = "<group>"; };
		18098AD927E6168700E8DB57 /* memory */ = {isa = PBXFileReference; lastKnownFileType = folder; path = memory; sourceTree = "<group>"; };
		18098ADA27E6168700E8DB57 /* ipc */ = {isa = PBXFileReference; lastKnownFileType = folder; path = ipc; sourceTree = "<group>"; };
		18098ADB27E6168700E8DB57 /* queue.h */ = {isa = PBXFileReference; fileEncoding = 4; lastKnownFileType = sourcecode.c.h; path = queue.h; sourceTree = "<group>"; };
		18098ADC27E6168700E8DB57 /* usb */ = {isa = PBXFileReference; lastKnownFileType = folder; path = usb; sourceTree = "<group>"; };
		18098ADD27E6168700E8DB57 /* interrupthandler.cpp */ = {isa = PBXFileReference; fileEncoding = 4; lastKnownFileType = sourcecode.cpp.cpp; path = interrupthandler.cpp; sourceTree = "<group>"; };
		18098ADE27E6168800E8DB57 /* proc */ = {isa = PBXFileReference; lastKnownFileType = folder; path = proc; sourceTree = "<group>"; };
		18098ADF27E6168800E8DB57 /* kernel.h */ = {isa = PBXFileReference; fileEncoding = 4; lastKnownFileType = sourcecode.c.h; path = kernel.h; sourceTree = "<group>"; };
		18098AE027E6168800E8DB57 /* console.h */ = {isa = PBXFileReference; fileEncoding = 4; lastKnownFileType = sourcecode.c.h; path = console.h; sourceTree = "<group>"; };
		18098AE127E6168800E8DB57 /* vsprintf.c */ = {isa = PBXFileReference; fileEncoding = 4; lastKnownFileType = sourcecode.c.c; path = vsprintf.c; sourceTree = "<group>"; };
		18098AE227E6168800E8DB57 /* boot */ = {isa = PBXFileReference; lastKnownFileType = folder; path = boot; sourceTree = "<group>"; };
		18098AE327E6168800E8DB57 /* log.h */ = {isa = PBXFileReference; fileEncoding = 4; lastKnownFileType = sourcecode.c.h; path = log.h; sourceTree = "<group>"; };
		18098AE427E6168800E8DB57 /* linker.ld */ = {isa = PBXFileReference; fileEncoding = 4; lastKnownFileType = text; path = linker.ld; sourceTree = "<group>"; };
		18098AE527E6168800E8DB57 /* devices */ = {isa = PBXFileReference; lastKnownFileType = folder; path = devices; sourceTree = "<group>"; };
		18098AE727E6168800E8DB57 /* kernel.c */ = {isa = PBXFileReference; fileEncoding = 4; lastKnownFileType = sourcecode.c.c; path = kernel.c; sourceTree = "<group>"; };
		18098AE827E6168800E8DB57 /* null */ = {isa = PBXFileReference; lastKnownFileType = folder; path = null; sourceTree = "<group>"; };
		18098AE927E6168800E8DB57 /* tasking */ = {isa = PBXFileReference; lastKnownFileType = folder; path = tasking; sourceTree = "<group>"; };
		18098AEA27E6168800E8DB57 /* virtual86 */ = {isa = PBXFileReference; lastKnownFileType = folder; path = virtual86; sourceTree = "<group>"; };
		18098AEB27E6168800E8DB57 /* internal */ = {isa = PBXFileReference; lastKnownFileType = folder; path = internal; sourceTree = "<group>"; };
		18098AEC27E6168800E8DB57 /* keyboard */ = {isa = PBXFileReference; lastKnownFileType = folder; path = keyboard; sourceTree = "<group>"; };
		18098AED27E6168800E8DB57 /* bus */ = {isa = PBXFileReference; lastKnownFileType = folder; path = bus; sourceTree = "<group>"; };
		18098AEE27E6168800E8DB57 /* component.h */ = {isa = PBXFileReference; fileEncoding = 4; lastKnownFileType = sourcecode.c.h; path = component.h; sourceTree = "<group>"; };
		18098AEF27E6168800E8DB57 /* cpu */ = {isa = PBXFileReference; lastKnownFileType = folder; path = cpu; sourceTree = "<group>"; };
		18098AF027E6168900E8DB57 /* init.h */ = {isa = PBXFileReference; fileEncoding = 4; lastKnownFileType = sourcecode.c.h; path = init.h; sourceTree = "<group>"; };
		18098AF127E6168900E8DB57 /* interruptservice.h */ = {isa = PBXFileReference; fileEncoding = 4; lastKnownFileType = sourcecode.c.h; path = interruptservice.h; sourceTree = "<group>"; };
		18098AF227E6168900E8DB57 /* console.cpp */ = {isa = PBXFileReference; fileEncoding = 4; lastKnownFileType = sourcecode.cpp.cpp; path = console.cpp; sourceTree = "<group>"; };
		18098AF327E6168900E8DB57 /* debug */ = {isa = PBXFileReference; lastKnownFileType = folder; path = debug; sourceTree = "<group>"; };
		18098AF427E6168900E8DB57 /* multiboot */ = {isa = PBXFileReference; lastKnownFileType = folder; path = multiboot; sourceTree = "<group>"; };
		18098AF527E6168900E8DB57 /* README.md */ = {isa = PBXFileReference; fileEncoding = 4; lastKnownFileType = net.daringfireball.markdown; path = README.md; sourceTree = "<group>"; };
		18098AF627E6168900E8DB57 /* serialport.h */ = {isa = PBXFileReference; fileEncoding = 4; lastKnownFileType = sourcecode.c.h; path = serialport.h; sourceTree = "<group>"; };
		18098AF727E6168900E8DB57 /* setjmp.h */ = {isa = PBXFileReference; fileEncoding = 4; lastKnownFileType = sourcecode.c.h; path = setjmp.h; sourceTree = "<group>"; };
		18098AF827E6168900E8DB57 /* listing */ = {isa = PBXFileReference; lastKnownFileType = folder; path = listing; sourceTree = "<group>"; };
		18098AF927E6168900E8DB57 /* filesystem */ = {isa = PBXFileReference; lastKnownFileType = folder; path = filesystem; sourceTree = "<group>"; };
		18098AFA27E6168900E8DB57 /* spinlock.h */ = {isa = PBXFileReference; fileEncoding = 4; lastKnownFileType = sourcecode.c.h; path = spinlock.h; sourceTree = "<group>"; };
		18098AFB27E6168900E8DB57 /* syscall */ = {isa = PBXFileReference; lastKnownFileType = folder; path = syscall; sourceTree = "<group>"; };
		18098AFC27E6168900E8DB57 /* system */ = {isa = PBXFileReference; lastKnownFileType = folder; path = system; sourceTree = "<group>"; };
		18098AFD27E6168900E8DB57 /* term */ = {isa = PBXFileReference; lastKnownFileType = folder; path = term; sourceTree = "<group>"; };
		18098AFE27E6168900E8DB57 /* ubsan.h */ = {isa = PBXFileReference; fileEncoding = 4; lastKnownFileType = sourcecode.c.h; path = ubsan.h; sourceTree = "<group>"; };
		18098AFF27E6168900E8DB57 /* drivers */ = {isa = PBXFileReference; lastKnownFileType = folder; path = drivers; sourceTree = "<group>"; };
		18098B0027E6168900E8DB57 /* vsprintf.h */ = {isa = PBXFileReference; fileEncoding = 4; lastKnownFileType = sourcecode.c.h; path = vsprintf.h; sourceTree = "<group>"; };
		18098B0127E6168A00E8DB57 /* locking */ = {isa = PBXFileReference; lastKnownFileType = folder; path = locking; sourceTree = "<group>"; };
		18098B0227E6168A00E8DB57 /* net */ = {isa = PBXFileReference; lastKnownFileType = folder; path = net; sourceTree = "<group>"; };
		18098B0327E6168A00E8DB57 /* disks */ = {isa = PBXFileReference; lastKnownFileType = folder; path = disks; sourceTree = "<group>"; };
		18098B0427E6168A00E8DB57 /* installer */ = {isa = PBXFileReference; lastKnownFileType = folder; path = installer; sourceTree = "<group>"; };
		18098B0527E6168A00E8DB57 /* timer */ = {isa = PBXFileReference; lastKnownFileType = folder; path = timer; sourceTree = "<group>"; };
/* End PBXFileReference section */

/* Begin PBXFrameworksBuildPhase section */
		18098AC927E6165A00E8DB57 /* Frameworks */ = {
			isa = PBXFrameworksBuildPhase;
			buildActionMask = 2147483647;
			files = (
			);
			runOnlyForDeploymentPostprocessing = 0;
		};
/* End PBXFrameworksBuildPhase section */

/* Begin PBXGroup section */
		18098AC327E6165A00E8DB57 = {
			isa = PBXGroup;
			children = (
				18098AE227E6168800E8DB57 /* boot */,
				18098AED27E6168800E8DB57 /* bus */,
				18098AEE27E6168800E8DB57 /* component.h */,
				18098AF227E6168900E8DB57 /* console.cpp */,
				18098AE027E6168800E8DB57 /* console.h */,
				18098AEF27E6168800E8DB57 /* cpu */,
				18098AF327E6168900E8DB57 /* debug */,
				18098AE527E6168800E8DB57 /* devices */,
				18098B0327E6168A00E8DB57 /* disks */,
				18098AFF27E6168900E8DB57 /* drivers */,
				18098AF927E6168900E8DB57 /* filesystem */,
				18098AF027E6168900E8DB57 /* init.h */,
				18098B0427E6168A00E8DB57 /* installer */,
				18098AEB27E6168800E8DB57 /* internal */,
				18098ADD27E6168700E8DB57 /* interrupthandler.cpp */,
				18098AD727E6168700E8DB57 /* interrupthandler.h */,
				18098AF127E6168900E8DB57 /* interruptservice.h */,
				18098ADA27E6168700E8DB57 /* ipc */,
				18098AE727E6168800E8DB57 /* kernel.c */,
				18098ADF27E6168800E8DB57 /* kernel.h */,
				18098AEC27E6168800E8DB57 /* keyboard */,
				18098AE427E6168800E8DB57 /* linker.ld */,
				18098AF827E6168900E8DB57 /* listing */,
				18098B0127E6168A00E8DB57 /* locking */,
				18098AE327E6168800E8DB57 /* log.h */,
				18098AD927E6168700E8DB57 /* memory */,
				18098AF427E6168900E8DB57 /* multiboot */,
				18098B0227E6168A00E8DB57 /* net */,
				18098AE827E6168800E8DB57 /* null */,
				18098ADE27E6168800E8DB57 /* proc */,
				18098ADB27E6168700E8DB57 /* queue.h */,
				18098AF527E6168900E8DB57 /* README.md */,
				18098AF627E6168900E8DB57 /* serialport.h */,
				18098AF727E6168900E8DB57 /* setjmp.h */,
				18098AFA27E6168900E8DB57 /* spinlock.h */,
				18098AFB27E6168900E8DB57 /* syscall */,
				18098AFC27E6168900E8DB57 /* system */,
				18098AE927E6168800E8DB57 /* tasking */,
				18098AFD27E6168900E8DB57 /* term */,
				18098B0527E6168A00E8DB57 /* timer */,
				18098AD827E6168700E8DB57 /* timer.cpp */,
				18098AD627E6168700E8DB57 /* uapi */,
				18098AFE27E6168900E8DB57 /* ubsan.h */,
				18098ADC27E6168700E8DB57 /* usb */,
				18098AEA27E6168800E8DB57 /* virtual86 */,
				18098AE127E6168800E8DB57 /* vsprintf.c */,
				18098B0027E6168900E8DB57 /* vsprintf.h */,
				18098ACD27E6165A00E8DB57 /* Products */,
			);
			sourceTree = "<group>";
		};
		18098ACD27E6165A00E8DB57 /* Products */ = {
			isa = PBXGroup;
			children = (
				18098ACC27E6165A00E8DB57 /* kernel */,
			);
			name = Products;
			sourceTree = "<group>";
		};
/* End PBXGroup section */

/* Begin PBXNativeTarget section */
		18098ACB27E6165A00E8DB57 /* kernel */ = {
			isa = PBXNativeTarget;
			buildConfigurationList = 18098AD327E6165A00E8DB57 /* Build configuration list for PBXNativeTarget "kernel" */;
			buildPhases = (
				18098AC827E6165A00E8DB57 /* Sources */,
				18098AC927E6165A00E8DB57 /* Frameworks */,
				18098ACA27E6165A00E8DB57 /* CopyFiles */,
			);
			buildRules = (
			);
			dependencies = (
			);
			name = kernel;
			productName = kernel;
			productReference = 18098ACC27E6165A00E8DB57 /* kernel */;
			productType = "com.apple.product-type.tool";
		};
/* End PBXNativeTarget section */

/* Begin PBXProject section */
		18098AC427E6165A00E8DB57 /* Project object */ = {
			isa = PBXProject;
			attributes = {
				BuildIndependentTargetsInParallel = 1;
				LastUpgradeCheck = 1300;
				TargetAttributes = {
					18098ACB27E6165A00E8DB57 = {
						CreatedOnToolsVersion = 13.0;
					};
				};
			};
			buildConfigurationList = 18098AC727E6165A00E8DB57 /* Build configuration list for PBXProject "kernel" */;
			compatibilityVersion = "Xcode 13.0";
			developmentRegion = en;
			hasScannedForEncodings = 0;
			knownRegions = (
				en,
				Base,
			);
			mainGroup = 18098AC327E6165A00E8DB57;
			productRefGroup = 18098ACD27E6165A00E8DB57 /* Products */;
			projectDirPath = "";
			projectRoot = "";
			targets = (
				18098ACB27E6165A00E8DB57 /* kernel */,
			);
		};
/* End PBXProject section */

/* Begin PBXSourcesBuildPhase section */
		18098AC827E6165A00E8DB57 /* Sources */ = {
			isa = PBXSourcesBuildPhase;
			buildActionMask = 2147483647;
			files = (
				18098B0827E6168A00E8DB57 /* vsprintf.c in Sources */,
				18098B0A27E6168A00E8DB57 /* console.cpp in Sources */,
				18098B0727E6168A00E8DB57 /* interrupthandler.cpp in Sources */,
				18098B0927E6168A00E8DB57 /* kernel.c in Sources */,
				18098B0627E6168A00E8DB57 /* timer.cpp in Sources */,
			);
			runOnlyForDeploymentPostprocessing = 0;
		};
/* End PBXSourcesBuildPhase section */

/* Begin XCBuildConfiguration section */
		18098AD127E6165A00E8DB57 /* Debug */ = {
			isa = XCBuildConfiguration;
			buildSettings = {
				ALWAYS_SEARCH_USER_PATHS = NO;
				CLANG_ANALYZER_NONNULL = YES;
				CLANG_ANALYZER_NUMBER_OBJECT_CONVERSION = YES_AGGRESSIVE;
				CLANG_CXX_LANGUAGE_STANDARD = "gnu++17";
				CLANG_CXX_LIBRARY = "libc++";
				CLANG_ENABLE_MODULES = YES;
				CLANG_ENABLE_OBJC_ARC = YES;
				CLANG_ENABLE_OBJC_WEAK = YES;
				CLANG_WARN_BLOCK_CAPTURE_AUTORELEASING = YES;
				CLANG_WARN_BOOL_CONVERSION = YES;
				CLANG_WARN_COMMA = YES;
				CLANG_WARN_CONSTANT_CONVERSION = YES;
				CLANG_WARN_DEPRECATED_OBJC_IMPLEMENTATIONS = YES;
				CLANG_WARN_DIRECT_OBJC_ISA_USAGE = YES_ERROR;
				CLANG_WARN_DOCUMENTATION_COMMENTS = YES;
				CLANG_WARN_EMPTY_BODY = YES;
				CLANG_WARN_ENUM_CONVERSION = YES;
				CLANG_WARN_INFINITE_RECURSION = YES;
				CLANG_WARN_INT_CONVERSION = YES;
				CLANG_WARN_NON_LITERAL_NULL_CONVERSION = YES;
				CLANG_WARN_OBJC_IMPLICIT_RETAIN_SELF = YES;
				CLANG_WARN_OBJC_LITERAL_CONVERSION = YES;
				CLANG_WARN_OBJC_ROOT_CLASS = YES_ERROR;
				CLANG_WARN_QUOTED_INCLUDE_IN_FRAMEWORK_HEADER = YES;
				CLANG_WARN_RANGE_LOOP_ANALYSIS = YES;
				CLANG_WARN_STRICT_PROTOTYPES = YES;
				CLANG_WARN_SUSPICIOUS_MOVE = YES;
				CLANG_WARN_UNGUARDED_AVAILABILITY = YES_AGGRESSIVE;
				CLANG_WARN_UNREACHABLE_CODE = YES;
				CLANG_WARN__DUPLICATE_METHOD_MATCH = YES;
				COPY_PHASE_STRIP = NO;
				DEBUG_INFORMATION_FORMAT = dwarf;
				ENABLE_STRICT_OBJC_MSGSEND = YES;
				ENABLE_TESTABILITY = YES;
				GCC_C_LANGUAGE_STANDARD = gnu11;
				GCC_DYNAMIC_NO_PIC = NO;
				GCC_NO_COMMON_BLOCKS = YES;
				GCC_OPTIMIZATION_LEVEL = 0;
				GCC_PREPROCESSOR_DEFINITIONS = (
					"DEBUG=1",
					"$(inherited)",
				);
				GCC_WARN_64_TO_32_BIT_CONVERSION = YES;
				GCC_WARN_ABOUT_RETURN_TYPE = YES_ERROR;
				GCC_WARN_UNDECLARED_SELECTOR = YES;
				GCC_WARN_UNINITIALIZED_AUTOS = YES_AGGRESSIVE;
				GCC_WARN_UNUSED_FUNCTION = YES;
				GCC_WARN_UNUSED_VARIABLE = YES;
				MACOSX_DEPLOYMENT_TARGET = 11.3;
				MTL_ENABLE_DEBUG_INFO = INCLUDE_SOURCE;
				MTL_FAST_MATH = YES;
				ONLY_ACTIVE_ARCH = YES;
				SDKROOT = macosx;
			};
			name = Debug;
		};
		18098AD227E6165A00E8DB57 /* Release */ = {
			isa = XCBuildConfiguration;
			buildSettings = {
				ALWAYS_SEARCH_USER_PATHS = NO;
				CLANG_ANALYZER_NONNULL = YES;
				CLANG_ANALYZER_NUMBER_OBJECT_CONVERSION = YES_AGGRESSIVE;
				CLANG_CXX_LANGUAGE_STANDARD = "gnu++17";
				CLANG_CXX_LIBRARY = "libc++";
				CLANG_ENABLE_MODULES = YES;
				CLANG_ENABLE_OBJC_ARC = YES;
				CLANG_ENABLE_OBJC_WEAK = YES;
				CLANG_WARN_BLOCK_CAPTURE_AUTORELEASING = YES;
				CLANG_WARN_BOOL_CONVERSION = YES;
				CLANG_WARN_COMMA = YES;
				CLANG_WARN_CONSTANT_CONVERSION = YES;
				CLANG_WARN_DEPRECATED_OBJC_IMPLEMENTATIONS = YES;
				CLANG_WARN_DIRECT_OBJC_ISA_USAGE = YES_ERROR;
				CLANG_WARN_DOCUMENTATION_COMMENTS = YES;
				CLANG_WARN_EMPTY_BODY = YES;
				CLANG_WARN_ENUM_CONVERSION = YES;
				CLANG_WARN_INFINITE_RECURSION = YES;
				CLANG_WARN_INT_CONVERSION = YES;
				CLANG_WARN_NON_LITERAL_NULL_CONVERSION = YES;
				CLANG_WARN_OBJC_IMPLICIT_RETAIN_SELF = YES;
				CLANG_WARN_OBJC_LITERAL_CONVERSION = YES;
				CLANG_WARN_OBJC_ROOT_CLASS = YES_ERROR;
				CLANG_WARN_QUOTED_INCLUDE_IN_FRAMEWORK_HEADER = YES;
				CLANG_WARN_RANGE_LOOP_ANALYSIS = YES;
				CLANG_WARN_STRICT_PROTOTYPES = YES;
				CLANG_WARN_SUSPICIOUS_MOVE = YES;
				CLANG_WARN_UNGUARDED_AVAILABILITY = YES_AGGRESSIVE;
				CLANG_WARN_UNREACHABLE_CODE = YES;
				CLANG_WARN__DUPLICATE_METHOD_MATCH = YES;
				COPY_PHASE_STRIP = NO;
				DEBUG_INFORMATION_FORMAT = "dwarf-with-dsym";
				ENABLE_NS_ASSERTIONS = NO;
				ENABLE_STRICT_OBJC_MSGSEND = YES;
				GCC_C_LANGUAGE_STANDARD = gnu11;
				GCC_NO_COMMON_BLOCKS = YES;
				GCC_WARN_64_TO_32_BIT_CONVERSION = YES;
				GCC_WARN_ABOUT_RETURN_TYPE = YES_ERROR;
				GCC_WARN_UNDECLARED_SELECTOR = YES;
				GCC_WARN_UNINITIALIZED_AUTOS = YES_AGGRESSIVE;
				GCC_WARN_UNUSED_FUNCTION = YES;
				GCC_WARN_UNUSED_VARIABLE = YES;
				MACOSX_DEPLOYMENT_TARGET = 11.3;
				MTL_ENABLE_DEBUG_INFO = NO;
				MTL_FAST_MATH = YES;
				SDKROOT = macosx;
			};
			name = Release;
		};
		18098AD427E6165A00E8DB57 /* Debug */ = {
			isa = XCBuildConfiguration;
			buildSettings = {
				CODE_SIGN_STYLE = Automatic;
				PRODUCT_NAME = "$(TARGET_NAME)";
			};
			name = Debug;
		};
		18098AD527E6165A00E8DB57 /* Release */ = {
			isa = XCBuildConfiguration;
			buildSettings = {
				CODE_SIGN_STYLE = Automatic;
				PRODUCT_NAME = "$(TARGET_NAME)";
			};
			name = Release;
		};
/* End XCBuildConfiguration section */

/* Begin XCConfigurationList section */
		18098AC727E6165A00E8DB57 /* Build configuration list for PBXProject "kernel" */ = {
			isa = XCConfigurationList;
			buildConfigurations = (
				18098AD127E6165A00E8DB57 /* Debug */,
				18098AD227E6165A00E8DB57 /* Release */,
			);
			defaultConfigurationIsVisible = 0;
			defaultConfigurationName = Release;
		};
		18098AD327E6165A00E8DB57 /* Build configuration list for PBXNativeTarget "kernel" */ = {
			isa = XCConfigurationList;
			buildConfigurations = (
				18098AD427E6165A00E8DB57 /* Debug */,
				18098AD527E6165A00E8DB57 /* Release */,
			);
			defaultConfigurationIsVisible = 0;
			defaultConfigurationName = Release;
		};
/* End XCConfigurationList section */
	};
	rootObject = 18098AC427E6165A00E8DB57 /* Project object */;
}
