// !$*UTF8*$!
{
	archiveVersion = 1;
	classes = {
	};
	objectVersion = 55;
	objects = {

/* Begin PBXBuildFile section */
		B1D770CE2A3D57780072EE66 /* tar.cpp in Sources */ = {isa = PBXBuildFile; fileRef = B1D770CC2A3D57780072EE66 /* tar.cpp */; };
/* End PBXBuildFile section */

/* Begin PBXCopyFilesBuildPhase section */
		B1D616362A3D505200AF62AF /* CopyFiles */ = {
			isa = PBXCopyFilesBuildPhase;
			buildActionMask = 2147483647;
			dstPath = /usr/share/man/man1/;
			dstSubfolderSpec = 0;
			files = (
			);
			runOnlyForDeploymentPostprocessing = 1;
		};
/* End PBXCopyFilesBuildPhase section */

/* Begin PBXFileReference section */
		B1D616382A3D505200AF62AF /* mobileOS */ = {isa = PBXFileReference; explicitFileType = "compiled.mach-o.executable"; includeInIndex = 0; path = mobileOS; sourceTree = BUILT_PRODUCTS_DIR; };
		B1D616432A3D507900AF62AF /* README.md */ = {isa = PBXFileReference; fileEncoding = 4; lastKnownFileType = net.daringfireball.markdown; path = README.md; sourceTree = "<group>"; };
		B1D616462A3D507900AF62AF /* integer.hpp */ = {isa = PBXFileReference; fileEncoding = 4; lastKnownFileType = sourcecode.cpp.h; path = integer.hpp; sourceTree = "<group>"; };
		B1D616472A3D507900AF62AF /* split.hpp */ = {isa = PBXFileReference; fileEncoding = 4; lastKnownFileType = sourcecode.cpp.h; path = split.hpp; sourceTree = "<group>"; };
		B1D616482A3D507900AF62AF /* temperature.hpp */ = {isa = PBXFileReference; fileEncoding = 4; lastKnownFileType = sourcecode.cpp.h; path = temperature.hpp; sourceTree = "<group>"; };
		B1D616492A3D507900AF62AF /* valuescaler.hpp */ = {isa = PBXFileReference; fileEncoding = 4; lastKnownFileType = sourcecode.cpp.h; path = valuescaler.hpp; sourceTree = "<group>"; };
		B1D6164A2A3D507900AF62AF /* README.md */ = {isa = PBXFileReference; fileEncoding = 4; lastKnownFileType = net.daringfireball.markdown; path = README.md; sourceTree = "<group>"; };
		B1D6164C2A3D507900AF62AF /* README.md */ = {isa = PBXFileReference; fileEncoding = 4; lastKnownFileType = net.daringfireball.markdown; path = README.md; sourceTree = "<group>"; };
		B1D6164D2A3D508000AF62AF /* LICENSE */ = {isa = PBXFileReference; lastKnownFileType = text; path = LICENSE; sourceTree = "<group>"; };
		B1D6164E2A3D508000AF62AF /* README.md */ = {isa = PBXFileReference; lastKnownFileType = net.daringfireball.markdown; path = README.md; sourceTree = "<group>"; };
		B1D770CC2A3D57780072EE66 /* tar.cpp */ = {isa = PBXFileReference; lastKnownFileType = sourcecode.cpp.cpp; path = tar.cpp; sourceTree = "<group>"; };
		B1D770CD2A3D57780072EE66 /* tar.hpp */ = {isa = PBXFileReference; lastKnownFileType = sourcecode.cpp.h; path = tar.hpp; sourceTree = "<group>"; };
/* End PBXFileReference section */

/* Begin PBXFrameworksBuildPhase section */
		B1D616352A3D505200AF62AF /* Frameworks */ = {
			isa = PBXFrameworksBuildPhase;
			buildActionMask = 2147483647;
			files = (
			);
			runOnlyForDeploymentPostprocessing = 0;
		};
/* End PBXFrameworksBuildPhase section */

/* Begin PBXGroup section */
		B1D6162F2A3D505200AF62AF = {
			isa = PBXGroup;
			children = (
				B1D6164D2A3D508000AF62AF /* LICENSE */,
				B1D6164E2A3D508000AF62AF /* README.md */,
				B1D616422A3D507900AF62AF /* kernel */,
				B1D616442A3D507900AF62AF /* libraries */,
				B1D6164B2A3D507900AF62AF /* userland */,
				B1D616392A3D505200AF62AF /* Products */,
			);
			sourceTree = "<group>";
		};
		B1D616392A3D505200AF62AF /* Products */ = {
			isa = PBXGroup;
			children = (
				B1D616382A3D505200AF62AF /* mobileOS */,
			);
			name = Products;
			sourceTree = "<group>";
		};
		B1D616422A3D507900AF62AF /* kernel */ = {
			isa = PBXGroup;
			children = (
				B1D616432A3D507900AF62AF /* README.md */,
			);
			path = kernel;
			sourceTree = "<group>";
		};
		B1D616442A3D507900AF62AF /* libraries */ = {
			isa = PBXGroup;
			children = (
				B1D770CB2A3D57580072EE66 /* libtar */,
				B1D616452A3D507900AF62AF /* libutils */,
				B1D6164A2A3D507900AF62AF /* README.md */,
			);
			path = libraries;
			sourceTree = "<group>";
		};
		B1D616452A3D507900AF62AF /* libutils */ = {
			isa = PBXGroup;
			children = (
				B1D616462A3D507900AF62AF /* integer.hpp */,
				B1D616472A3D507900AF62AF /* split.hpp */,
				B1D616482A3D507900AF62AF /* temperature.hpp */,
				B1D616492A3D507900AF62AF /* valuescaler.hpp */,
			);
			path = libutils;
			sourceTree = "<group>";
		};
		B1D6164B2A3D507900AF62AF /* userland */ = {
			isa = PBXGroup;
			children = (
				B1D6164C2A3D507900AF62AF /* README.md */,
			);
			path = userland;
			sourceTree = "<group>";
		};
		B1D770CB2A3D57580072EE66 /* libtar */ = {
			isa = PBXGroup;
			children = (
				B1D770CC2A3D57780072EE66 /* tar.cpp */,
				B1D770CD2A3D57780072EE66 /* tar.hpp */,
			);
			path = libtar;
			sourceTree = "<group>";
		};
/* End PBXGroup section */

/* Begin PBXNativeTarget section */
		B1D616372A3D505200AF62AF /* mobileOS */ = {
			isa = PBXNativeTarget;
			buildConfigurationList = B1D6163F2A3D505200AF62AF /* Build configuration list for PBXNativeTarget "mobileOS" */;
			buildPhases = (
				B1D616342A3D505200AF62AF /* Sources */,
				B1D616352A3D505200AF62AF /* Frameworks */,
				B1D616362A3D505200AF62AF /* CopyFiles */,
			);
			buildRules = (
			);
			dependencies = (
			);
			name = mobileOS;
			productName = mobileOS;
			productReference = B1D616382A3D505200AF62AF /* mobileOS */;
			productType = "com.apple.product-type.tool";
		};
/* End PBXNativeTarget section */

/* Begin PBXProject section */
		B1D616302A3D505200AF62AF /* Project object */ = {
			isa = PBXProject;
			attributes = {
				BuildIndependentTargetsInParallel = 1;
				LastUpgradeCheck = 1340;
				TargetAttributes = {
					B1D616372A3D505200AF62AF = {
						CreatedOnToolsVersion = 13.4.1;
					};
				};
			};
			buildConfigurationList = B1D616332A3D505200AF62AF /* Build configuration list for PBXProject "mobileOS" */;
			compatibilityVersion = "Xcode 13.0";
			developmentRegion = en;
			hasScannedForEncodings = 0;
			knownRegions = (
				en,
				Base,
			);
			mainGroup = B1D6162F2A3D505200AF62AF;
			productRefGroup = B1D616392A3D505200AF62AF /* Products */;
			projectDirPath = "";
			projectRoot = "";
			targets = (
				B1D616372A3D505200AF62AF /* mobileOS */,
			);
		};
/* End PBXProject section */

/* Begin PBXSourcesBuildPhase section */
		B1D616342A3D505200AF62AF /* Sources */ = {
			isa = PBXSourcesBuildPhase;
			buildActionMask = 2147483647;
			files = (
				B1D770CE2A3D57780072EE66 /* tar.cpp in Sources */,
			);
			runOnlyForDeploymentPostprocessing = 0;
		};
/* End PBXSourcesBuildPhase section */

/* Begin XCBuildConfiguration section */
		B1D6163D2A3D505200AF62AF /* Debug */ = {
			isa = XCBuildConfiguration;
			buildSettings = {
				ALWAYS_SEARCH_USER_PATHS = NO;
				CLANG_ANALYZER_NONNULL = YES;
				CLANG_ANALYZER_NUMBER_OBJECT_CONVERSION = YES_AGGRESSIVE;
				CLANG_CXX_LANGUAGE_STANDARD = "gnu++17";
				CLANG_ENABLE_MODULES = YES;
				CLANG_ENABLE_OBJC_ARC = YES;
				CLANG_ENABLE_OBJC_WEAK = YES;
				CLANG_WARN_BLOCK_CAPTURE_AUTORELEASING = YES;
				CLANG_WARN_BOOL_CONVERSION = YES;
				CLANG_WARN_COMMA = YES;
				CLANG_WARN_CONSTANT_CONVERSION = YES;
				CLANG_WARN_DEPRECATED_OBJC_IMPLEMENTATIONS = YES;
				CLANG_WARN_DIRECT_OBJC_ISA_USAGE = YES_ERROR;
				CLANG_WARN_DOCUMENTATION_COMMENTS = YES;
				CLANG_WARN_EMPTY_BODY = YES;
				CLANG_WARN_ENUM_CONVERSION = YES;
				CLANG_WARN_INFINITE_RECURSION = YES;
				CLANG_WARN_INT_CONVERSION = YES;
				CLANG_WARN_NON_LITERAL_NULL_CONVERSION = YES;
				CLANG_WARN_OBJC_IMPLICIT_RETAIN_SELF = YES;
				CLANG_WARN_OBJC_LITERAL_CONVERSION = YES;
				CLANG_WARN_OBJC_ROOT_CLASS = YES_ERROR;
				CLANG_WARN_QUOTED_INCLUDE_IN_FRAMEWORK_HEADER = YES;
				CLANG_WARN_RANGE_LOOP_ANALYSIS = YES;
				CLANG_WARN_STRICT_PROTOTYPES = YES;
				CLANG_WARN_SUSPICIOUS_MOVE = YES;
				CLANG_WARN_UNGUARDED_AVAILABILITY = YES_AGGRESSIVE;
				CLANG_WARN_UNREACHABLE_CODE = YES;
				CLANG_WARN__DUPLICATE_METHOD_MATCH = YES;
				COPY_PHASE_STRIP = NO;
				DEBUG_INFORMATION_FORMAT = dwarf;
				ENABLE_STRICT_OBJC_MSGSEND = YES;
				ENABLE_TESTABILITY = YES;
				GCC_C_LANGUAGE_STANDARD = gnu11;
				GCC_DYNAMIC_NO_PIC = NO;
				GCC_NO_COMMON_BLOCKS = YES;
				GCC_OPTIMIZATION_LEVEL = 0;
				GCC_PREPROCESSOR_DEFINITIONS = (
					"DEBUG=1",
					"$(inherited)",
				);
				GCC_WARN_64_TO_32_BIT_CONVERSION = YES;
				GCC_WARN_ABOUT_RETURN_TYPE = YES_ERROR;
				GCC_WARN_UNDECLARED_SELECTOR = YES;
				GCC_WARN_UNINITIALIZED_AUTOS = YES_AGGRESSIVE;
				GCC_WARN_UNUSED_FUNCTION = YES;
				GCC_WARN_UNUSED_VARIABLE = YES;
				MACOSX_DEPLOYMENT_TARGET = 12.3;
				MTL_ENABLE_DEBUG_INFO = INCLUDE_SOURCE;
				MTL_FAST_MATH = YES;
				ONLY_ACTIVE_ARCH = YES;
				SDKROOT = macosx;
			};
			name = Debug;
		};
		B1D6163E2A3D505200AF62AF /* Release */ = {
			isa = XCBuildConfiguration;
			buildSettings = {
				ALWAYS_SEARCH_USER_PATHS = NO;
				CLANG_ANALYZER_NONNULL = YES;
				CLANG_ANALYZER_NUMBER_OBJECT_CONVERSION = YES_AGGRESSIVE;
				CLANG_CXX_LANGUAGE_STANDARD = "gnu++17";
				CLANG_ENABLE_MODULES = YES;
				CLANG_ENABLE_OBJC_ARC = YES;
				CLANG_ENABLE_OBJC_WEAK = YES;
				CLANG_WARN_BLOCK_CAPTURE_AUTORELEASING = YES;
				CLANG_WARN_BOOL_CONVERSION = YES;
				CLANG_WARN_COMMA = YES;
				CLANG_WARN_CONSTANT_CONVERSION = YES;
				CLANG_WARN_DEPRECATED_OBJC_IMPLEMENTATIONS = YES;
				CLANG_WARN_DIRECT_OBJC_ISA_USAGE = YES_ERROR;
				CLANG_WARN_DOCUMENTATION_COMMENTS = YES;
				CLANG_WARN_EMPTY_BODY = YES;
				CLANG_WARN_ENUM_CONVERSION = YES;
				CLANG_WARN_INFINITE_RECURSION = YES;
				CLANG_WARN_INT_CONVERSION = YES;
				CLANG_WARN_NON_LITERAL_NULL_CONVERSION = YES;
				CLANG_WARN_OBJC_IMPLICIT_RETAIN_SELF = YES;
				CLANG_WARN_OBJC_LITERAL_CONVERSION = YES;
				CLANG_WARN_OBJC_ROOT_CLASS = YES_ERROR;
				CLANG_WARN_QUOTED_INCLUDE_IN_FRAMEWORK_HEADER = YES;
				CLANG_WARN_RANGE_LOOP_ANALYSIS = YES;
				CLANG_WARN_STRICT_PROTOTYPES = YES;
				CLANG_WARN_SUSPICIOUS_MOVE = YES;
				CLANG_WARN_UNGUARDED_AVAILABILITY = YES_AGGRESSIVE;
				CLANG_WARN_UNREACHABLE_CODE = YES;
				CLANG_WARN__DUPLICATE_METHOD_MATCH = YES;
				COPY_PHASE_STRIP = NO;
				DEBUG_INFORMATION_FORMAT = "dwarf-with-dsym";
				ENABLE_NS_ASSERTIONS = NO;
				ENABLE_STRICT_OBJC_MSGSEND = YES;
				GCC_C_LANGUAGE_STANDARD = gnu11;
				GCC_NO_COMMON_BLOCKS = YES;
				GCC_WARN_64_TO_32_BIT_CONVERSION = YES;
				GCC_WARN_ABOUT_RETURN_TYPE = YES_ERROR;
				GCC_WARN_UNDECLARED_SELECTOR = YES;
				GCC_WARN_UNINITIALIZED_AUTOS = YES_AGGRESSIVE;
				GCC_WARN_UNUSED_FUNCTION = YES;
				GCC_WARN_UNUSED_VARIABLE = YES;
				MACOSX_DEPLOYMENT_TARGET = 12.3;
				MTL_ENABLE_DEBUG_INFO = NO;
				MTL_FAST_MATH = YES;
				SDKROOT = macosx;
			};
			name = Release;
		};
		B1D616402A3D505200AF62AF /* Debug */ = {
			isa = XCBuildConfiguration;
			buildSettings = {
				CODE_SIGN_STYLE = Automatic;
				PRODUCT_NAME = "$(TARGET_NAME)";
			};
			name = Debug;
		};
		B1D616412A3D505200AF62AF /* Release */ = {
			isa = XCBuildConfiguration;
			buildSettings = {
				CODE_SIGN_STYLE = Automatic;
				PRODUCT_NAME = "$(TARGET_NAME)";
			};
			name = Release;
		};
/* End XCBuildConfiguration section */

/* Begin XCConfigurationList section */
		B1D616332A3D505200AF62AF /* Build configuration list for PBXProject "mobileOS" */ = {
			isa = XCConfigurationList;
			buildConfigurations = (
				B1D6163D2A3D505200AF62AF /* Debug */,
				B1D6163E2A3D505200AF62AF /* Release */,
			);
			defaultConfigurationIsVisible = 0;
			defaultConfigurationName = Release;
		};
		B1D6163F2A3D505200AF62AF /* Build configuration list for PBXNativeTarget "mobileOS" */ = {
			isa = XCConfigurationList;
			buildConfigurations = (
				B1D616402A3D505200AF62AF /* Debug */,
				B1D616412A3D505200AF62AF /* Release */,
			);
			defaultConfigurationIsVisible = 0;
			defaultConfigurationName = Release;
		};
/* End XCConfigurationList section */
	};
	rootObject = B1D616302A3D505200AF62AF /* Project object */;
}
