// !$*UTF8*$!
{
	archiveVersion = 1;
	classes = {
	};
	objectVersion = 50;
	objects = {

/* Begin PBXFileReference section */
		81AFE829287FE34500F80384 /* README.md */ = {isa = PBXFileReference; lastKnownFileType = net.daringfireball.markdown; path = README.md; sourceTree = "<group>"; };
/* End PBXFileReference section */

/* Begin PBXGroup section */
		81AFE81E287FE2A900F80384 = {
			isa = PBXGroup;
			children = (
				81AFE828287FE34500F80384 /* Applications */,
			);
			sourceTree = "<group>";
		};
		81AFE828287FE34500F80384 /* Applications */ = {
			isa = PBXGroup;
			children = (
				81AFE829287FE34500F80384 /* README.md */,
			);
			path = Applications;
			sourceTree = "<group>";
		};
/* End PBXGroup section */

/* Begin PBXProject section */
		81AFE81F287FE2A900F80384 /* Project object */ = {
			isa = PBXProject;
			attributes = {
				LastUpgradeCheck = 1250;
			};
			buildConfigurationList = 81AFE822287FE2A900F80384 /* Build configuration list for PBXProject "Userland" */;
			compatibilityVersion = "Xcode 9.3";
			developmentRegion = en;
			hasScannedForEncodings = 0;
			knownRegions = (
				en,
				Base,
			);
			mainGroup = 81AFE81E287FE2A900F80384;
			projectDirPath = "";
			projectRoot = "";
			targets = (
			);
		};
/* End PBXProject section */

/* Begin XCBuildConfiguration section */
		81AFE823287FE2A900F80384 /* Debug */ = {
			isa = XCBuildConfiguration;
			buildSettings = {
			};
			name = Debug;
		};
		81AFE824287FE2A900F80384 /* Release */ = {
			isa = XCBuildConfiguration;
			buildSettings = {
			};
			name = Release;
		};
/* End XCBuildConfiguration section */

/* Begin XCConfigurationList section */
		81AFE822287FE2A900F80384 /* Build configuration list for PBXProject "Userland" */ = {
			isa = XCConfigurationList;
			buildConfigurations = (
				81AFE823287FE2A900F80384 /* Debug */,
				81AFE824287FE2A900F80384 /* Release */,
			);
			defaultConfigurationIsVisible = 0;
			defaultConfigurationName = Release;
		};
/* End XCConfigurationList section */
	};
	rootObject = 81AFE81F287FE2A900F80384 /* Project object */;
}
