// !$*UTF8*$!
{
	archiveVersion = 1;
	classes = {
	};
	objectVersion = 50;
	objects = {

/* Begin PBXCopyFilesBuildPhase section */
		9F8EA84726E5FB5F00BE32EE /* CopyFiles */ = {
			isa = PBXCopyFilesBuildPhase;
			buildActionMask = 2147483647;
			dstPath = /usr/share/man/man1/;
			dstSubfolderSpec = 0;
			files = (
			);
			runOnlyForDeploymentPostprocessing = 1;
		};
/* End PBXCopyFilesBuildPhase section */

/* Begin PBXFileReference section */
		78B828A62708777B00D0CB1F /* pranaOS */ = {isa = PBXFileReference; explicitFileType = "compiled.mach-o.executable"; includeInIndex = 0; name = pranaOS; path = /Users/devsystem20/development/pranaOS/build/Debug/pranaOS; sourceTree = "<absolute>"; };
		78B828A82708785E00D0CB1F /* README.md */ = {isa = PBXFileReference; lastKnownFileType = net.daringfireball.markdown; path = README.md; sourceTree = "<group>"; };
		78B828A92708785E00D0CB1F /* LICENSE */ = {isa = PBXFileReference; lastKnownFileType = text; path = LICENSE; sourceTree = "<group>"; };
		78B828AA2708785E00D0CB1F /* .gn */ = {isa = PBXFileReference; lastKnownFileType = text; path = .gn; sourceTree = "<group>"; };
		78B828AB2708785F00D0CB1F /* plans */ = {isa = PBXFileReference; lastKnownFileType = folder; path = plans; sourceTree = "<group>"; };
		78B828AC2708785F00D0CB1F /* .clang-format */ = {isa = PBXFileReference; lastKnownFileType = text; path = ".clang-format"; sourceTree = "<group>"; };
		78B828B02708785F00D0CB1F /* .gitmodules */ = {isa = PBXFileReference; lastKnownFileType = text; path = .gitmodules; sourceTree = "<group>"; };
		78B828B12708785F00D0CB1F /* build */ = {isa = PBXFileReference; lastKnownFileType = folder; path = build; sourceTree = "<group>"; };
		78B828B22708785F00D0CB1F /* .github */ = {isa = PBXFileReference; lastKnownFileType = folder; path = .github; sourceTree = "<group>"; };
		78B828B32708785F00D0CB1F /* servers */ = {isa = PBXFileReference; lastKnownFileType = folder; path = servers; sourceTree = "<group>"; };
		78B828B42708785F00D0CB1F /* utils */ = {isa = PBXFileReference; lastKnownFileType = folder; path = utils; sourceTree = "<group>"; };
		78B828B52708785F00D0CB1F /* build.sh */ = {isa = PBXFileReference; lastKnownFileType = text.script.sh; path = build.sh; sourceTree = "<group>"; };
		78B828B62708785F00D0CB1F /* .gitignore */ = {isa = PBXFileReference; lastKnownFileType = text; path = .gitignore; sourceTree = "<group>"; };
		78B828B72708785F00D0CB1F /* toolchains */ = {isa = PBXFileReference; lastKnownFileType = folder; path = toolchains; sourceTree = "<group>"; };
		78B828B82708785F00D0CB1F /* BUILD.gn */ = {isa = PBXFileReference; lastKnownFileType = text; path = BUILD.gn; sourceTree = "<group>"; };
		78B828B92708786000D0CB1F /* docs */ = {isa = PBXFileReference; lastKnownFileType = folder; path = docs; sourceTree = "<group>"; };
		78B828BA2708786000D0CB1F /* boot */ = {isa = PBXFileReference; lastKnownFileType = folder; path = boot; sourceTree = "<group>"; };
		78B828BB2708786000D0CB1F /* out */ = {isa = PBXFileReference; lastKnownFileType = folder; path = out; sourceTree = "<group>"; };
		78B828BC2708786000D0CB1F /* libs */ = {isa = PBXFileReference; lastKnownFileType = folder; path = libs; sourceTree = "<group>"; };
		78B828BD2708786000D0CB1F /* base */ = {isa = PBXFileReference; lastKnownFileType = folder; path = base; sourceTree = "<group>"; };
		78B828BE2708786000D0CB1F /* CMakeLists.txt */ = {isa = PBXFileReference; lastKnownFileType = text; path = CMakeLists.txt; sourceTree = "<group>"; };
		78B828BF2708786000D0CB1F /* userland */ = {isa = PBXFileReference; lastKnownFileType = folder; path = userland; sourceTree = "<group>"; };
		78B828C02708786000D0CB1F /* .clang-tidy */ = {isa = PBXFileReference; lastKnownFileType = text; path = ".clang-tidy"; sourceTree = "<group>"; };
		78B828C12708786100D0CB1F /* kernel */ = {isa = PBXFileReference; lastKnownFileType = folder; path = kernel; sourceTree = "<group>"; };
/* End PBXFileReference section */

/* Begin PBXFrameworksBuildPhase section */
		9F8EA84626E5FB5F00BE32EE /* Frameworks */ = {
			isa = PBXFrameworksBuildPhase;
			buildActionMask = 2147483647;
			files = (
			);
			runOnlyForDeploymentPostprocessing = 0;
		};
/* End PBXFrameworksBuildPhase section */

/* Begin PBXGroup section */
		9F8EA84026E5FB5F00BE32EE = {
			isa = PBXGroup;
			children = (
				78B828AC2708785F00D0CB1F /* .clang-format */,
				78B828C02708786000D0CB1F /* .clang-tidy */,
				78B828B22708785F00D0CB1F /* .github */,
				78B828B62708785F00D0CB1F /* .gitignore */,
				78B828B02708785F00D0CB1F /* .gitmodules */,
				78B828AA2708785E00D0CB1F /* .gn */,
				78B828BD2708786000D0CB1F /* base */,
				78B828BA2708786000D0CB1F /* boot */,
				78B828B12708785F00D0CB1F /* build */,
				78B828B82708785F00D0CB1F /* BUILD.gn */,
				78B828B52708785F00D0CB1F /* build.sh */,
				78B828BE2708786000D0CB1F /* CMakeLists.txt */,
				78B828B92708786000D0CB1F /* docs */,
				78B828C12708786100D0CB1F /* kernel */,
				78B828BC2708786000D0CB1F /* libs */,
				78B828A92708785E00D0CB1F /* LICENSE */,
				78B828BB2708786000D0CB1F /* out */,
				78B828AB2708785F00D0CB1F /* plans */,
				78B828A82708785E00D0CB1F /* README.md */,
				78B828B32708785F00D0CB1F /* servers */,
				78B828B72708785F00D0CB1F /* toolchains */,
				78B828BF2708786000D0CB1F /* userland */,
				78B828B42708785F00D0CB1F /* utils */,
			);
			sourceTree = "<group>";
		};
/* End PBXGroup section */

/* Begin PBXNativeTarget section */
		9F8EA84826E5FB5F00BE32EE /* pranaOS */ = {
			isa = PBXNativeTarget;
			buildConfigurationList = 9F8EA85026E5FB5F00BE32EE /* Build configuration list for PBXNativeTarget "pranaOS" */;
			buildPhases = (
				9F8EA84526E5FB5F00BE32EE /* Sources */,
				9F8EA84626E5FB5F00BE32EE /* Frameworks */,
				9F8EA84726E5FB5F00BE32EE /* CopyFiles */,
			);
			buildRules = (
			);
			dependencies = (
			);
			name = pranaOS;
			productName = pranaOS;
			productReference = 78B828A62708777B00D0CB1F /* pranaOS */;
			productType = "com.apple.product-type.tool";
		};
/* End PBXNativeTarget section */

/* Begin PBXProject section */
		9F8EA84126E5FB5F00BE32EE /* Project object */ = {
			isa = PBXProject;
			attributes = {
				LastUpgradeCheck = 1230;
				TargetAttributes = {
					9F8EA84826E5FB5F00BE32EE = {
						CreatedOnToolsVersion = 12.3;
					};
				};
			};
			buildConfigurationList = 9F8EA84426E5FB5F00BE32EE /* Build configuration list for PBXProject "pranaOS" */;
			compatibilityVersion = "Xcode 9.3";
			developmentRegion = en;
			hasScannedForEncodings = 0;
			knownRegions = (
				en,
				Base,
			);
			mainGroup = 9F8EA84026E5FB5F00BE32EE;
			productRefGroup = 9F8EA84026E5FB5F00BE32EE;
			projectDirPath = "";
			projectRoot = "";
			targets = (
				9F8EA84826E5FB5F00BE32EE /* pranaOS */,
			);
		};
/* End PBXProject section */

/* Begin PBXSourcesBuildPhase section */
		9F8EA84526E5FB5F00BE32EE /* Sources */ = {
			isa = PBXSourcesBuildPhase;
			buildActionMask = 2147483647;
			files = (
			);
			runOnlyForDeploymentPostprocessing = 0;
		};
/* End PBXSourcesBuildPhase section */

/* Begin XCBuildConfiguration section */
		9F8EA84E26E5FB5F00BE32EE /* Debug */ = {
			isa = XCBuildConfiguration;
			buildSettings = {
				ALWAYS_SEARCH_USER_PATHS = NO;
				CLANG_ANALYZER_NONNULL = YES;
				CLANG_ANALYZER_NUMBER_OBJECT_CONVERSION = YES_AGGRESSIVE;
				CLANG_CXX_LANGUAGE_STANDARD = "gnu++14";
				CLANG_CXX_LIBRARY = "libc++";
				CLANG_ENABLE_MODULES = YES;
				CLANG_ENABLE_OBJC_ARC = YES;
				CLANG_ENABLE_OBJC_WEAK = YES;
				CLANG_WARN_BLOCK_CAPTURE_AUTORELEASING = YES;
				CLANG_WARN_BOOL_CONVERSION = YES;
				CLANG_WARN_COMMA = YES;
				CLANG_WARN_CONSTANT_CONVERSION = YES;
				CLANG_WARN_DEPRECATED_OBJC_IMPLEMENTATIONS = YES;
				CLANG_WARN_DIRECT_OBJC_ISA_USAGE = YES_ERROR;
				CLANG_WARN_DOCUMENTATION_COMMENTS = YES;
				CLANG_WARN_EMPTY_BODY = YES;
				CLANG_WARN_ENUM_CONVERSION = YES;
				CLANG_WARN_INFINITE_RECURSION = YES;
				CLANG_WARN_INT_CONVERSION = YES;
				CLANG_WARN_NON_LITERAL_NULL_CONVERSION = YES;
				CLANG_WARN_OBJC_IMPLICIT_RETAIN_SELF = YES;
				CLANG_WARN_OBJC_LITERAL_CONVERSION = YES;
				CLANG_WARN_OBJC_ROOT_CLASS = YES_ERROR;
				CLANG_WARN_QUOTED_INCLUDE_IN_FRAMEWORK_HEADER = YES;
				CLANG_WARN_RANGE_LOOP_ANALYSIS = YES;
				CLANG_WARN_STRICT_PROTOTYPES = YES;
				CLANG_WARN_SUSPICIOUS_MOVE = YES;
				CLANG_WARN_UNGUARDED_AVAILABILITY = YES_AGGRESSIVE;
				CLANG_WARN_UNREACHABLE_CODE = YES;
				CLANG_WARN__DUPLICATE_METHOD_MATCH = YES;
				COPY_PHASE_STRIP = NO;
				DEBUG_INFORMATION_FORMAT = dwarf;
				ENABLE_STRICT_OBJC_MSGSEND = YES;
				ENABLE_TESTABILITY = YES;
				GCC_C_LANGUAGE_STANDARD = gnu11;
				GCC_DYNAMIC_NO_PIC = NO;
				GCC_NO_COMMON_BLOCKS = YES;
				GCC_OPTIMIZATION_LEVEL = 0;
				GCC_PREPROCESSOR_DEFINITIONS = (
					"DEBUG=1",
					"$(inherited)",
				);
				GCC_WARN_64_TO_32_BIT_CONVERSION = YES;
				GCC_WARN_ABOUT_RETURN_TYPE = YES_ERROR;
				GCC_WARN_UNDECLARED_SELECTOR = YES;
				GCC_WARN_UNINITIALIZED_AUTOS = YES_AGGRESSIVE;
				GCC_WARN_UNUSED_FUNCTION = YES;
				GCC_WARN_UNUSED_VARIABLE = YES;
				MACOSX_DEPLOYMENT_TARGET = 11.1;
				MTL_ENABLE_DEBUG_INFO = INCLUDE_SOURCE;
				MTL_FAST_MATH = YES;
				ONLY_ACTIVE_ARCH = YES;
				SDKROOT = macosx;
			};
			name = Debug;
		};
		9F8EA84F26E5FB5F00BE32EE /* Release */ = {
			isa = XCBuildConfiguration;
			buildSettings = {
				ALWAYS_SEARCH_USER_PATHS = NO;
				CLANG_ANALYZER_NONNULL = YES;
				CLANG_ANALYZER_NUMBER_OBJECT_CONVERSION = YES_AGGRESSIVE;
				CLANG_CXX_LANGUAGE_STANDARD = "gnu++14";
				CLANG_CXX_LIBRARY = "libc++";
				CLANG_ENABLE_MODULES = YES;
				CLANG_ENABLE_OBJC_ARC = YES;
				CLANG_ENABLE_OBJC_WEAK = YES;
				CLANG_WARN_BLOCK_CAPTURE_AUTORELEASING = YES;
				CLANG_WARN_BOOL_CONVERSION = YES;
				CLANG_WARN_COMMA = YES;
				CLANG_WARN_CONSTANT_CONVERSION = YES;
				CLANG_WARN_DEPRECATED_OBJC_IMPLEMENTATIONS = YES;
				CLANG_WARN_DIRECT_OBJC_ISA_USAGE = YES_ERROR;
				CLANG_WARN_DOCUMENTATION_COMMENTS = YES;
				CLANG_WARN_EMPTY_BODY = YES;
				CLANG_WARN_ENUM_CONVERSION = YES;
				CLANG_WARN_INFINITE_RECURSION = YES;
				CLANG_WARN_INT_CONVERSION = YES;
				CLANG_WARN_NON_LITERAL_NULL_CONVERSION = YES;
				CLANG_WARN_OBJC_IMPLICIT_RETAIN_SELF = YES;
				CLANG_WARN_OBJC_LITERAL_CONVERSION = YES;
				CLANG_WARN_OBJC_ROOT_CLASS = YES_ERROR;
				CLANG_WARN_QUOTED_INCLUDE_IN_FRAMEWORK_HEADER = YES;
				CLANG_WARN_RANGE_LOOP_ANALYSIS = YES;
				CLANG_WARN_STRICT_PROTOTYPES = YES;
				CLANG_WARN_SUSPICIOUS_MOVE = YES;
				CLANG_WARN_UNGUARDED_AVAILABILITY = YES_AGGRESSIVE;
				CLANG_WARN_UNREACHABLE_CODE = YES;
				CLANG_WARN__DUPLICATE_METHOD_MATCH = YES;
				COPY_PHASE_STRIP = NO;
				DEBUG_INFORMATION_FORMAT = "dwarf-with-dsym";
				ENABLE_NS_ASSERTIONS = NO;
				ENABLE_STRICT_OBJC_MSGSEND = YES;
				GCC_C_LANGUAGE_STANDARD = gnu11;
				GCC_NO_COMMON_BLOCKS = YES;
				GCC_WARN_64_TO_32_BIT_CONVERSION = YES;
				GCC_WARN_ABOUT_RETURN_TYPE = YES_ERROR;
				GCC_WARN_UNDECLARED_SELECTOR = YES;
				GCC_WARN_UNINITIALIZED_AUTOS = YES_AGGRESSIVE;
				GCC_WARN_UNUSED_FUNCTION = YES;
				GCC_WARN_UNUSED_VARIABLE = YES;
				MACOSX_DEPLOYMENT_TARGET = 11.1;
				MTL_ENABLE_DEBUG_INFO = NO;
				MTL_FAST_MATH = YES;
				SDKROOT = macosx;
			};
			name = Release;
		};
		9F8EA85126E5FB5F00BE32EE /* Debug */ = {
			isa = XCBuildConfiguration;
			buildSettings = {
				CODE_SIGN_STYLE = Automatic;
				LIBRARY_SEARCH_PATHS = (
					"$(inherited)",
					"$(PROJECT_DIR)/toolchains/llvm_runtime/11.1.0",
					"$(PROJECT_DIR)/toolchains/gcc_runtime/10.2.1",
				);
				PRODUCT_NAME = "$(TARGET_NAME)";
			};
			name = Debug;
		};
		9F8EA85226E5FB5F00BE32EE /* Release */ = {
			isa = XCBuildConfiguration;
			buildSettings = {
				CODE_SIGN_STYLE = Automatic;
				LIBRARY_SEARCH_PATHS = (
					"$(inherited)",
					"$(PROJECT_DIR)/toolchains/llvm_runtime/11.1.0",
					"$(PROJECT_DIR)/toolchains/gcc_runtime/10.2.1",
				);
				PRODUCT_NAME = "$(TARGET_NAME)";
			};
			name = Release;
		};
/* End XCBuildConfiguration section */

/* Begin XCConfigurationList section */
		9F8EA84426E5FB5F00BE32EE /* Build configuration list for PBXProject "pranaOS" */ = {
			isa = XCConfigurationList;
			buildConfigurations = (
				9F8EA84E26E5FB5F00BE32EE /* Debug */,
				9F8EA84F26E5FB5F00BE32EE /* Release */,
			);
			defaultConfigurationIsVisible = 0;
			defaultConfigurationName = Release;
		};
		9F8EA85026E5FB5F00BE32EE /* Build configuration list for PBXNativeTarget "pranaOS" */ = {
			isa = XCConfigurationList;
			buildConfigurations = (
				9F8EA85126E5FB5F00BE32EE /* Debug */,
				9F8EA85226E5FB5F00BE32EE /* Release */,
			);
			defaultConfigurationIsVisible = 0;
			defaultConfigurationName = Release;
		};
/* End XCConfigurationList section */
	};
	rootObject = 9F8EA84126E5FB5F00BE32EE /* Project object */;
}
