// !$*UTF8*$!
{
	archiveVersion = 1;
	classes = {
	};
	objectVersion = 50;
	objects = {

/* Begin PBXBuildFile section */
		9F1EED6526C2B059004854B2 /* _start.s in Sources */ = {isa = PBXBuildFile; fileRef = 9F1EEBE326C2B058004854B2 /* _start.s */; };
		9F1EED6626C2B059004854B2 /* vm_init.c in Sources */ = {isa = PBXBuildFile; fileRef = 9F1EEBE426C2B058004854B2 /* vm_init.c */; };
		9F1EED6726C2B059004854B2 /* _loader.s in Sources */ = {isa = PBXBuildFile; fileRef = 9F1EEBE526C2B058004854B2 /* _loader.s */; };
		9F1EED6826C2B059004854B2 /* stage3_entry.s in Sources */ = {isa = PBXBuildFile; fileRef = 9F1EEBE726C2B058004854B2 /* stage3_entry.s */; };
		9F1EED6926C2B059004854B2 /* print.s in Sources */ = {isa = PBXBuildFile; fileRef = 9F1EEBEA26C2B058004854B2 /* print.s */; };
		9F1EED6A26C2B059004854B2 /* gdt.s in Sources */ = {isa = PBXBuildFile; fileRef = 9F1EEBEB26C2B058004854B2 /* gdt.s */; };
		9F1EED6B26C2B059004854B2 /* switch_to_pm.s in Sources */ = {isa = PBXBuildFile; fileRef = 9F1EEBED26C2B058004854B2 /* switch_to_pm.s */; };
		9F1EED6C26C2B059004854B2 /* disk_load.s in Sources */ = {isa = PBXBuildFile; fileRef = 9F1EEBEE26C2B058004854B2 /* disk_load.s */; };
		9F1EED6D26C2B059004854B2 /* smm.s in Sources */ = {isa = PBXBuildFile; fileRef = 9F1EEBEF26C2B058004854B2 /* smm.s */; };
		9F1EED6E26C2B059004854B2 /* print.s in Sources */ = {isa = PBXBuildFile; fileRef = 9F1EEBF026C2B058004854B2 /* print.s */; };
		9F1EED6F26C2B059004854B2 /* boot.s in Sources */ = {isa = PBXBuildFile; fileRef = 9F1EEBF126C2B058004854B2 /* boot.s */; };
		9F1EED7026C2B059004854B2 /* stage2_entry.s in Sources */ = {isa = PBXBuildFile; fileRef = 9F1EEBF226C2B058004854B2 /* stage2_entry.s */; };
		9F1EED7126C2B059004854B2 /* display.c in Sources */ = {isa = PBXBuildFile; fileRef = 9F1EEBF526C2B058004854B2 /* display.c */; };
		9F1EED7226C2B059004854B2 /* elf_lite.c in Sources */ = {isa = PBXBuildFile; fileRef = 9F1EEBF826C2B058004854B2 /* elf_lite.c */; };
		9F1EED7326C2B059004854B2 /* ext2_lite.c in Sources */ = {isa = PBXBuildFile; fileRef = 9F1EEBFB26C2B058004854B2 /* ext2_lite.c */; };
		9F1EED7426C2B059004854B2 /* ata.c in Sources */ = {isa = PBXBuildFile; fileRef = 9F1EEBFC26C2B058004854B2 /* ata.c */; };
		9F1EED7526C2B059004854B2 /* port.c in Sources */ = {isa = PBXBuildFile; fileRef = 9F1EEBFE26C2B058004854B2 /* port.c */; };
		9F1EED7626C2B059004854B2 /* stage2.c in Sources */ = {isa = PBXBuildFile; fileRef = 9F1EEC0326C2B058004854B2 /* stage2.c */; };
		9F1EED7726C2B059004854B2 /* vm.c in Sources */ = {isa = PBXBuildFile; fileRef = 9F1EEC0626C2B058004854B2 /* vm.c */; };
		9F1EEDBE26C2B05A004854B2 /* NumberFormat.cpp in Sources */ = {isa = PBXBuildFile; fileRef = 9F1EED5226C2B059004854B2 /* NumberFormat.cpp */; };
		9F1EEDBF26C2B05A004854B2 /* BitReaderTest.cpp in Sources */ = {isa = PBXBuildFile; fileRef = 9F1EED5326C2B059004854B2 /* BitReaderTest.cpp */; };
		9F1EEDC026C2B05A004854B2 /* cp.cpp in Sources */ = {isa = PBXBuildFile; fileRef = 9F1EED5626C2B059004854B2 /* cp.cpp */; };
		9F1EEDC126C2B05A004854B2 /* cat.cpp in Sources */ = {isa = PBXBuildFile; fileRef = 9F1EED5826C2B059004854B2 /* cat.cpp */; };
		9F1EEDC226C2B05A004854B2 /* basename.cpp in Sources */ = {isa = PBXBuildFile; fileRef = 9F1EED5926C2B059004854B2 /* basename.cpp */; };
		9F1EEDC326C2B05A004854B2 /* clear.cpp in Sources */ = {isa = PBXBuildFile; fileRef = 9F1EED5A26C2B059004854B2 /* clear.cpp */; };
		9F1EEDC426C2B05A004854B2 /* echo.cpp in Sources */ = {isa = PBXBuildFile; fileRef = 9F1EED5B26C2B059004854B2 /* echo.cpp */; };
		9F1EEDC526C2B05A004854B2 /* crti.s in Sources */ = {isa = PBXBuildFile; fileRef = 9F1EED5E26C2B059004854B2 /* crti.s */; };
		9F1EEDC626C2B05A004854B2 /* crtn.s in Sources */ = {isa = PBXBuildFile; fileRef = 9F1EED5F26C2B059004854B2 /* crtn.s */; };
		9F1EEDC726C2B05A004854B2 /* crt0.s in Sources */ = {isa = PBXBuildFile; fileRef = 9F1EED6026C2B059004854B2 /* crt0.s */; };
		9F1EEDC826C2B05A004854B2 /* crti.s in Sources */ = {isa = PBXBuildFile; fileRef = 9F1EED6226C2B059004854B2 /* crti.s */; };
		9F1EEDC926C2B05A004854B2 /* crtn.s in Sources */ = {isa = PBXBuildFile; fileRef = 9F1EED6326C2B059004854B2 /* crtn.s */; };
		9F1EEDCA26C2B05A004854B2 /* crt0.s in Sources */ = {isa = PBXBuildFile; fileRef = 9F1EED6426C2B059004854B2 /* crt0.s */; };
		9FE0838A26C2C3A800891A6C /* MultiProcessorParser.cpp in Sources */ = {isa = PBXBuildFile; fileRef = 9FE0838126C2C3A800891A6C /* MultiProcessorParser.cpp */; };
		9FE0838B26C2C3A800891A6C /* Initialize.cpp in Sources */ = {isa = PBXBuildFile; fileRef = 9FE0838226C2C3A800891A6C /* Initialize.cpp */; };
		9FE0838C26C2C3A800891A6C /* DynamicParser.cpp in Sources */ = {isa = PBXBuildFile; fileRef = 9FE0838526C2C3A800891A6C /* DynamicParser.cpp */; };
		9FE0838D26C2C3A800891A6C /* Parser.cpp in Sources */ = {isa = PBXBuildFile; fileRef = 9FE0838926C2C3A800891A6C /* Parser.cpp */; };
		9FE0843326C2C50D00891A6C /* LexicalPath.cpp in Sources */ = {isa = PBXBuildFile; fileRef = 9FE083A026C2C50C00891A6C /* LexicalPath.cpp */; };
		9FE0843426C2C50D00891A6C /* Format.cpp in Sources */ = {isa = PBXBuildFile; fileRef = 9FE083A626C2C50C00891A6C /* Format.cpp */; };
		9FE0843526C2C50D00891A6C /* Base64.cpp in Sources */ = {isa = PBXBuildFile; fileRef = 9FE083AE26C2C50C00891A6C /* Base64.cpp */; };
		9FE0843626C2C50D00891A6C /* FlyString.cpp in Sources */ = {isa = PBXBuildFile; fileRef = 9FE083B726C2C50C00891A6C /* FlyString.cpp */; };
		9FE0843726C2C50D00891A6C /* UnicodeUtils.cpp in Sources */ = {isa = PBXBuildFile; fileRef = 9FE083BA26C2C50C00891A6C /* UnicodeUtils.cpp */; };
		9FE0843826C2C50D00891A6C /* Random.cpp in Sources */ = {isa = PBXBuildFile; fileRef = 9FE083BB26C2C50C00891A6C /* Random.cpp */; };
		9FE0843926C2C50D00891A6C /* MappedFile.cpp in Sources */ = {isa = PBXBuildFile; fileRef = 9FE083C126C2C50C00891A6C /* MappedFile.cpp */; };
		9FE0843A26C2C50D00891A6C /* URL.cpp in Sources */ = {isa = PBXBuildFile; fileRef = 9FE083C626C2C50C00891A6C /* URL.cpp */; };
		9FE0843B26C2C50D00891A6C /* StringUtils.cpp in Sources */ = {isa = PBXBuildFile; fileRef = 9FE083CB26C2C50C00891A6C /* StringUtils.cpp */; };
		9FE0843C26C2C50D00891A6C /* JsonParser.cpp in Sources */ = {isa = PBXBuildFile; fileRef = 9FE083CC26C2C50C00891A6C /* JsonParser.cpp */; };
		9FE0843D26C2C50D00891A6C /* String.cpp in Sources */ = {isa = PBXBuildFile; fileRef = 9FE083CE26C2C50C00891A6C /* String.cpp */; };
		9FE0843E26C2C50D00891A6C /* StringBuilder.cpp in Sources */ = {isa = PBXBuildFile; fileRef = 9FE083DF26C2C50C00891A6C /* StringBuilder.cpp */; };
		9FE0843F26C2C50D00891A6C /* UUID.cpp in Sources */ = {isa = PBXBuildFile; fileRef = 9FE083E226C2C50D00891A6C /* UUID.cpp */; };
		9FE0844026C2C50D00891A6C /* JsonValue.cpp in Sources */ = {isa = PBXBuildFile; fileRef = 9FE083E726C2C50D00891A6C /* JsonValue.cpp */; };
		9FE0844126C2C50D00891A6C /* Utf8View.cpp in Sources */ = {isa = PBXBuildFile; fileRef = 9FE083ED26C2C50D00891A6C /* Utf8View.cpp */; };
		9FE0844226C2C50D00891A6C /* JsonPath.cpp in Sources */ = {isa = PBXBuildFile; fileRef = 9FE083EF26C2C50D00891A6C /* JsonPath.cpp */; };
		9FE0844326C2C50D00891A6C /* GenericLexer.cpp in Sources */ = {isa = PBXBuildFile; fileRef = 9FE083F326C2C50D00891A6C /* GenericLexer.cpp */; };
		9FE0844426C2C50D00891A6C /* Hex.cpp in Sources */ = {isa = PBXBuildFile; fileRef = 9FE083FD26C2C50D00891A6C /* Hex.cpp */; };
		9FE0844526C2C50D00891A6C /* StringImpl.cpp in Sources */ = {isa = PBXBuildFile; fileRef = 9FE083FF26C2C50D00891A6C /* StringImpl.cpp */; };
		9FE0844626C2C50D00891A6C /* StringView.cpp in Sources */ = {isa = PBXBuildFile; fileRef = 9FE0840226C2C50D00891A6C /* StringView.cpp */; };
		9FE0844726C2C50D00891A6C /* StackInfo.cpp in Sources */ = {isa = PBXBuildFile; fileRef = 9FE0840626C2C50D00891A6C /* StackInfo.cpp */; };
		9FE0844826C2C50D00891A6C /* URLParser.cpp in Sources */ = {isa = PBXBuildFile; fileRef = 9FE0841E26C2C50D00891A6C /* URLParser.cpp */; };
		9FE0844926C2C50D00891A6C /* kmalloc.cpp in Sources */ = {isa = PBXBuildFile; fileRef = 9FE0842226C2C50D00891A6C /* kmalloc.cpp */; };
		9FE0844A26C2C50D00891A6C /* Utf16View.cpp in Sources */ = {isa = PBXBuildFile; fileRef = 9FE0842726C2C50D00891A6C /* Utf16View.cpp */; };
		9FE0844B26C2C50D00891A6C /* Time.cpp in Sources */ = {isa = PBXBuildFile; fileRef = 9FE0842E26C2C50D00891A6C /* Time.cpp */; };
/* End PBXBuildFile section */

/* Begin PBXCopyFilesBuildPhase section */
		9F1EEBC726C2AFCB004854B2 /* CopyFiles */ = {
			isa = PBXCopyFilesBuildPhase;
			buildActionMask = 2147483647;
			dstPath = /usr/share/man/man1/;
			dstSubfolderSpec = 0;
			files = (
			);
			runOnlyForDeploymentPostprocessing = 1;
		};
/* End PBXCopyFilesBuildPhase section */

/* Begin PBXFileReference section */
		9F1EEBC926C2AFCB004854B2 /* pranaOS */ = {isa = PBXFileReference; explicitFileType = "compiled.mach-o.executable"; includeInIndex = 0; path = pranaOS; sourceTree = BUILT_PRODUCTS_DIR; };
		9F1EEBE326C2B058004854B2 /* _start.s */ = {isa = PBXFileReference; fileEncoding = 4; lastKnownFileType = sourcecode.asm; path = _start.s; sourceTree = "<group>"; };
		9F1EEBE426C2B058004854B2 /* vm_init.c */ = {isa = PBXFileReference; fileEncoding = 4; lastKnownFileType = sourcecode.c.c; path = vm_init.c; sourceTree = "<group>"; };
		9F1EEBE526C2B058004854B2 /* _loader.s */ = {isa = PBXFileReference; fileEncoding = 4; lastKnownFileType = sourcecode.asm; path = _loader.s; sourceTree = "<group>"; };
		9F1EEBE726C2B058004854B2 /* stage3_entry.s */ = {isa = PBXFileReference; fileEncoding = 4; lastKnownFileType = sourcecode.asm; path = stage3_entry.s; sourceTree = "<group>"; };
		9F1EEBEA26C2B058004854B2 /* print.s */ = {isa = PBXFileReference; fileEncoding = 4; lastKnownFileType = sourcecode.asm; path = print.s; sourceTree = "<group>"; };
		9F1EEBEB26C2B058004854B2 /* gdt.s */ = {isa = PBXFileReference; fileEncoding = 4; lastKnownFileType = sourcecode.asm; path = gdt.s; sourceTree = "<group>"; };
		9F1EEBED26C2B058004854B2 /* switch_to_pm.s */ = {isa = PBXFileReference; fileEncoding = 4; lastKnownFileType = sourcecode.asm; path = switch_to_pm.s; sourceTree = "<group>"; };
		9F1EEBEE26C2B058004854B2 /* disk_load.s */ = {isa = PBXFileReference; fileEncoding = 4; lastKnownFileType = sourcecode.asm; path = disk_load.s; sourceTree = "<group>"; };
		9F1EEBEF26C2B058004854B2 /* smm.s */ = {isa = PBXFileReference; fileEncoding = 4; lastKnownFileType = sourcecode.asm; path = smm.s; sourceTree = "<group>"; };
		9F1EEBF026C2B058004854B2 /* print.s */ = {isa = PBXFileReference; fileEncoding = 4; lastKnownFileType = sourcecode.asm; path = print.s; sourceTree = "<group>"; };
		9F1EEBF126C2B058004854B2 /* boot.s */ = {isa = PBXFileReference; fileEncoding = 4; lastKnownFileType = sourcecode.asm; path = boot.s; sourceTree = "<group>"; };
		9F1EEBF226C2B058004854B2 /* stage2_entry.s */ = {isa = PBXFileReference; fileEncoding = 4; lastKnownFileType = sourcecode.asm; path = stage2_entry.s; sourceTree = "<group>"; };
		9F1EEBF526C2B058004854B2 /* display.c */ = {isa = PBXFileReference; fileEncoding = 4; lastKnownFileType = sourcecode.c.c; path = display.c; sourceTree = "<group>"; };
		9F1EEBF626C2B058004854B2 /* ata.h */ = {isa = PBXFileReference; fileEncoding = 4; lastKnownFileType = sourcecode.c.h; path = ata.h; sourceTree = "<group>"; };
		9F1EEBF726C2B058004854B2 /* port.h */ = {isa = PBXFileReference; fileEncoding = 4; lastKnownFileType = sourcecode.c.h; path = port.h; sourceTree = "<group>"; };
		9F1EEBF826C2B058004854B2 /* elf_lite.c */ = {isa = PBXFileReference; fileEncoding = 4; lastKnownFileType = sourcecode.c.c; path = elf_lite.c; sourceTree = "<group>"; };
		9F1EEBF926C2B058004854B2 /* fs_desc.h */ = {isa = PBXFileReference; fileEncoding = 4; lastKnownFileType = sourcecode.c.h; path = fs_desc.h; sourceTree = "<group>"; };
		9F1EEBFA26C2B058004854B2 /* drive_desc.h */ = {isa = PBXFileReference; fileEncoding = 4; lastKnownFileType = sourcecode.c.h; path = drive_desc.h; sourceTree = "<group>"; };
		9F1EEBFB26C2B058004854B2 /* ext2_lite.c */ = {isa = PBXFileReference; fileEncoding = 4; lastKnownFileType = sourcecode.c.c; path = ext2_lite.c; sourceTree = "<group>"; };
		9F1EEBFC26C2B058004854B2 /* ata.c */ = {isa = PBXFileReference; fileEncoding = 4; lastKnownFileType = sourcecode.c.c; path = ata.c; sourceTree = "<group>"; };
		9F1EEBFD26C2B058004854B2 /* display.h */ = {isa = PBXFileReference; fileEncoding = 4; lastKnownFileType = sourcecode.c.h; path = display.h; sourceTree = "<group>"; };
		9F1EEBFE26C2B058004854B2 /* port.c */ = {isa = PBXFileReference; fileEncoding = 4; lastKnownFileType = sourcecode.c.c; path = port.c; sourceTree = "<group>"; };
		9F1EEBFF26C2B058004854B2 /* elf_lite.h */ = {isa = PBXFileReference; fileEncoding = 4; lastKnownFileType = sourcecode.c.h; path = elf_lite.h; sourceTree = "<group>"; };
		9F1EEC0026C2B058004854B2 /* ext2_lite.h */ = {isa = PBXFileReference; fileEncoding = 4; lastKnownFileType = sourcecode.c.h; path = ext2_lite.h; sourceTree = "<group>"; };
		9F1EEC0126C2B058004854B2 /* config.h */ = {isa = PBXFileReference; fileEncoding = 4; lastKnownFileType = sourcecode.c.h; path = config.h; sourceTree = "<group>"; };
		9F1EEC0226C2B058004854B2 /* types.h */ = {isa = PBXFileReference; fileEncoding = 4; lastKnownFileType = sourcecode.c.h; path = types.h; sourceTree = "<group>"; };
		9F1EEC0326C2B058004854B2 /* stage2.c */ = {isa = PBXFileReference; fileEncoding = 4; lastKnownFileType = sourcecode.c.c; path = stage2.c; sourceTree = "<group>"; };
		9F1EEC0526C2B058004854B2 /* pte.h */ = {isa = PBXFileReference; fileEncoding = 4; lastKnownFileType = sourcecode.c.h; path = pte.h; sourceTree = "<group>"; };
		9F1EEC0626C2B058004854B2 /* vm.c */ = {isa = PBXFileReference; fileEncoding = 4; lastKnownFileType = sourcecode.c.c; path = vm.c; sourceTree = "<group>"; };
		9F1EEC0726C2B058004854B2 /* pde.h */ = {isa = PBXFileReference; fileEncoding = 4; lastKnownFileType = sourcecode.c.h; path = pde.h; sourceTree = "<group>"; };
		9F1EEC0826C2B058004854B2 /* mem_map.h */ = {isa = PBXFileReference; fileEncoding = 4; lastKnownFileType = sourcecode.c.h; path = mem_map.h; sourceTree = "<group>"; };
		9F1EEC0926C2B058004854B2 /* vm.h */ = {isa = PBXFileReference; fileEncoding = 4; lastKnownFileType = sourcecode.c.h; path = vm.h; sourceTree = "<group>"; };
		9F1EED1E26C2B059004854B2 /* build.xcodeproj */ = {isa = PBXFileReference; lastKnownFileType = "wrapper.pb-project"; path = build.xcodeproj; sourceTree = "<group>"; };
		9F1EED2126C2B059004854B2 /* makefile.configs */ = {isa = PBXFileReference; fileEncoding = 4; lastKnownFileType = text; path = makefile.configs; sourceTree = "<group>"; };
		9F1EED2326C2B059004854B2 /* get_kernel_files.py */ = {isa = PBXFileReference; fileEncoding = 4; lastKnownFileType = text.script.python; path = get_kernel_files.py; sourceTree = "<group>"; };
		9F1EED2426C2B059004854B2 /* BUILD.gn */ = {isa = PBXFileReference; fileEncoding = 4; lastKnownFileType = text; path = BUILD.gn; sourceTree = "<group>"; };
		9F1EED2526C2B059004854B2 /* gen_config.py */ = {isa = PBXFileReference; fileEncoding = 4; lastKnownFileType = text.script.python; path = gen_config.py; sourceTree = "<group>"; };
		9F1EED2826C2B059004854B2 /* README.md */ = {isa = PBXFileReference; fileEncoding = 4; lastKnownFileType = net.daringfireball.markdown; path = README.md; sourceTree = "<group>"; };
		9F1EED2B26C2B059004854B2 /* disable-prototype-mismatch-check.patch */ = {isa = PBXFileReference; fileEncoding = 4; lastKnownFileType = text; path = "disable-prototype-mismatch-check.patch"; sourceTree = "<group>"; };
		9F1EED2C26C2B059004854B2 /* fix-autoconf.patch */ = {isa = PBXFileReference; fileEncoding = 4; lastKnownFileType = text; path = "fix-autoconf.patch"; sourceTree = "<group>"; };
		9F1EED2D26C2B059004854B2 /* include-sys-select-h.patch */ = {isa = PBXFileReference; fileEncoding = 4; lastKnownFileType = text; path = "include-sys-select-h.patch"; sourceTree = "<group>"; };
		9F1EED2E26C2B059004854B2 /* package.sh */ = {isa = PBXFileReference; fileEncoding = 4; lastKnownFileType = text.script.sh; path = package.sh; sourceTree = "<group>"; };
		9F1EED3126C2B059004854B2 /* i686-elf-tools.sh */ = {isa = PBXFileReference; fileEncoding = 4; lastKnownFileType = text.script.sh; path = "i686-elf-tools.sh"; sourceTree = "<group>"; };
		9F1EED3526C2B059004854B2 /* fantasy.jpg */ = {isa = PBXFileReference; lastKnownFileType = image.jpeg; path = fantasy.jpg; sourceTree = "<group>"; };
		9F1EED3626C2B059004854B2 /* mountain.jpg */ = {isa = PBXFileReference; lastKnownFileType = image.jpeg; path = mountain.jpg; sourceTree = "<group>"; };
		9F1EED3726C2B059004854B2 /* cool.jpg */ = {isa = PBXFileReference; lastKnownFileType = image.jpeg; path = cool.jpg; sourceTree = "<group>"; };
		9F1EED3926C2B059004854B2 /* Default.ini */ = {isa = PBXFileReference; fileEncoding = 4; lastKnownFileType = text; path = Default.ini; sourceTree = "<group>"; };
		9F1EED3A26C2B059004854B2 /* Light.ini */ = {isa = PBXFileReference; fileEncoding = 4; lastKnownFileType = text; path = Light.ini; sourceTree = "<group>"; };
		9F1EED3C26C2B059004854B2 /* cursor.png */ = {isa = PBXFileReference; lastKnownFileType = image.png; path = cursor.png; sourceTree = "<group>"; };
		9F1EED3D26C2B059004854B2 /* notallowed.png */ = {isa = PBXFileReference; lastKnownFileType = image.png; path = notallowed.png; sourceTree = "<group>"; };
		9F1EED3E26C2B059004854B2 /* pointinghand.png */ = {isa = PBXFileReference; lastKnownFileType = image.png; path = pointinghand.png; sourceTree = "<group>"; };
		9F1EED3F26C2B059004854B2 /* move.png */ = {isa = PBXFileReference; lastKnownFileType = image.png; path = move.png; sourceTree = "<group>"; };
		9F1EED4026C2B059004854B2 /* help.png */ = {isa = PBXFileReference; lastKnownFileType = image.png; path = help.png; sourceTree = "<group>"; };
		9F1EED4126C2B059004854B2 /* zoomout.png */ = {isa = PBXFileReference; lastKnownFileType = image.png; path = zoomout.png; sourceTree = "<group>"; };
		9F1EED4226C2B059004854B2 /* openhand.png */ = {isa = PBXFileReference; lastKnownFileType = image.png; path = openhand.png; sourceTree = "<group>"; };
		9F1EED4326C2B059004854B2 /* resizenortheastsouthwest.png */ = {isa = PBXFileReference; lastKnownFileType = image.png; path = resizenortheastsouthwest.png; sourceTree = "<group>"; };
		9F1EED4426C2B059004854B2 /* column.png */ = {isa = PBXFileReference; lastKnownFileType = image.png; path = column.png; sourceTree = "<group>"; };
		9F1EED4526C2B059004854B2 /* wait.png */ = {isa = PBXFileReference; lastKnownFileType = image.png; path = wait.png; sourceTree = "<group>"; };
		9F1EED4626C2B059004854B2 /* zoomin.png */ = {isa = PBXFileReference; lastKnownFileType = image.png; path = zoomin.png; sourceTree = "<group>"; };
		9F1EED4726C2B059004854B2 /* closedhand.png */ = {isa = PBXFileReference; lastKnownFileType = image.png; path = closedhand.png; sourceTree = "<group>"; };
		9F1EED4826C2B059004854B2 /* copy.png */ = {isa = PBXFileReference; lastKnownFileType = image.png; path = copy.png; sourceTree = "<group>"; };
		9F1EED4A26C2B059004854B2 /* pranaOS.jpg */ = {isa = PBXFileReference; lastKnownFileType = image.jpeg; path = pranaOS.jpg; sourceTree = "<group>"; };
		9F1EED4B26C2B059004854B2 /* pranaOS_banner.png */ = {isa = PBXFileReference; lastKnownFileType = image.png; path = pranaOS_banner.png; sourceTree = "<group>"; };
		9F1EED4D26C2B059004854B2 /* futureplans.pdf */ = {isa = PBXFileReference; lastKnownFileType = image.pdf; path = futureplans.pdf; sourceTree = "<group>"; };
		9F1EED4F26C2B059004854B2 /* CMakeLists.txt */ = {isa = PBXFileReference; fileEncoding = 4; lastKnownFileType = text; path = CMakeLists.txt; sourceTree = "<group>"; };
		9F1EED5226C2B059004854B2 /* NumberFormat.cpp */ = {isa = PBXFileReference; fileEncoding = 4; lastKnownFileType = sourcecode.cpp.cpp; path = NumberFormat.cpp; sourceTree = "<group>"; };
		9F1EED5326C2B059004854B2 /* BitReaderTest.cpp */ = {isa = PBXFileReference; fileEncoding = 4; lastKnownFileType = sourcecode.cpp.cpp; path = BitReaderTest.cpp; sourceTree = "<group>"; };
		9F1EED5626C2B059004854B2 /* cp.cpp */ = {isa = PBXFileReference; fileEncoding = 4; lastKnownFileType = sourcecode.cpp.cpp; path = cp.cpp; sourceTree = "<group>"; };
		9F1EED5726C2B059004854B2 /* CMakeLists.txt */ = {isa = PBXFileReference; fileEncoding = 4; lastKnownFileType = text; path = CMakeLists.txt; sourceTree = "<group>"; };
		9F1EED5826C2B059004854B2 /* cat.cpp */ = {isa = PBXFileReference; fileEncoding = 4; lastKnownFileType = sourcecode.cpp.cpp; path = cat.cpp; sourceTree = "<group>"; };
		9F1EED5926C2B059004854B2 /* basename.cpp */ = {isa = PBXFileReference; fileEncoding = 4; lastKnownFileType = sourcecode.cpp.cpp; path = basename.cpp; sourceTree = "<group>"; };
		9F1EED5A26C2B059004854B2 /* clear.cpp */ = {isa = PBXFileReference; fileEncoding = 4; lastKnownFileType = sourcecode.cpp.cpp; path = clear.cpp; sourceTree = "<group>"; };
		9F1EED5B26C2B059004854B2 /* echo.cpp */ = {isa = PBXFileReference; fileEncoding = 4; lastKnownFileType = sourcecode.cpp.cpp; path = echo.cpp; sourceTree = "<group>"; };
		9F1EED5E26C2B059004854B2 /* crti.s */ = {isa = PBXFileReference; fileEncoding = 4; lastKnownFileType = sourcecode.asm; path = crti.s; sourceTree = "<group>"; };
		9F1EED5F26C2B059004854B2 /* crtn.s */ = {isa = PBXFileReference; fileEncoding = 4; lastKnownFileType = sourcecode.asm; path = crtn.s; sourceTree = "<group>"; };
		9F1EED6026C2B059004854B2 /* crt0.s */ = {isa = PBXFileReference; fileEncoding = 4; lastKnownFileType = sourcecode.asm; path = crt0.s; sourceTree = "<group>"; };
		9F1EED6226C2B059004854B2 /* crti.s */ = {isa = PBXFileReference; fileEncoding = 4; lastKnownFileType = sourcecode.asm; path = crti.s; sourceTree = "<group>"; };
		9F1EED6326C2B059004854B2 /* crtn.s */ = {isa = PBXFileReference; fileEncoding = 4; lastKnownFileType = sourcecode.asm; path = crtn.s; sourceTree = "<group>"; };
		9F1EED6426C2B059004854B2 /* crt0.s */ = {isa = PBXFileReference; fileEncoding = 4; lastKnownFileType = sourcecode.asm; path = crt0.s; sourceTree = "<group>"; };
		9FAFEA3C26C2B570001A72B4 /* .clang-tidy */ = {isa = PBXFileReference; lastKnownFileType = text; path = ".clang-tidy"; sourceTree = "<group>"; };
		9FE082A926C2B8C400891A6C /* README.md */ = {isa = PBXFileReference; fileEncoding = 4; lastKnownFileType = net.daringfireball.markdown; path = README.md; sourceTree = "<group>"; };
		9FE082AB26C2B8F600891A6C /* build.md */ = {isa = PBXFileReference; lastKnownFileType = net.daringfireball.markdown; path = build.md; sourceTree = "<group>"; };
		9FE0836D26C2C2F600891A6C /* LICENSE */ = {isa = PBXFileReference; lastKnownFileType = text; path = LICENSE; sourceTree = "<group>"; };
		9FE0838126C2C3A800891A6C /* MultiProcessorParser.cpp */ = {isa = PBXFileReference; fileEncoding = 4; lastKnownFileType = sourcecode.cpp.cpp; path = MultiProcessorParser.cpp; sourceTree = "<group>"; };
		9FE0838226C2C3A800891A6C /* Initialize.cpp */ = {isa = PBXFileReference; fileEncoding = 4; lastKnownFileType = sourcecode.cpp.cpp; path = Initialize.cpp; sourceTree = "<group>"; };
		9FE0838326C2C3A800891A6C /* Parser.h */ = {isa = PBXFileReference; fileEncoding = 4; lastKnownFileType = sourcecode.c.h; path = Parser.h; sourceTree = "<group>"; };
		9FE0838426C2C3A800891A6C /* DynamicParser.h */ = {isa = PBXFileReference; fileEncoding = 4; lastKnownFileType = sourcecode.c.h; path = DynamicParser.h; sourceTree = "<group>"; };
		9FE0838526C2C3A800891A6C /* DynamicParser.cpp */ = {isa = PBXFileReference; fileEncoding = 4; lastKnownFileType = sourcecode.cpp.cpp; path = DynamicParser.cpp; sourceTree = "<group>"; };
		9FE0838626C2C3A800891A6C /* MultiProcessorParser.h */ = {isa = PBXFileReference; fileEncoding = 4; lastKnownFileType = sourcecode.c.h; path = MultiProcessorParser.h; sourceTree = "<group>"; };
		9FE0838726C2C3A800891A6C /* Initialize.h */ = {isa = PBXFileReference; fileEncoding = 4; lastKnownFileType = sourcecode.c.h; path = Initialize.h; sourceTree = "<group>"; };
		9FE0838826C2C3A800891A6C /* Definitions.h */ = {isa = PBXFileReference; fileEncoding = 4; lastKnownFileType = sourcecode.c.h; path = Definitions.h; sourceTree = "<group>"; };
		9FE0838926C2C3A800891A6C /* Parser.cpp */ = {isa = PBXFileReference; fileEncoding = 4; lastKnownFileType = sourcecode.cpp.cpp; path = Parser.cpp; sourceTree = "<group>"; };
		9FE0839026C2C50C00891A6C /* Time.h */ = {isa = PBXFileReference; fileEncoding = 4; lastKnownFileType = sourcecode.c.h; path = Time.h; sourceTree = "<group>"; };
		9FE0839126C2C50C00891A6C /* StringImpl.h */ = {isa = PBXFileReference; fileEncoding = 4; lastKnownFileType = sourcecode.c.h; path = StringImpl.h; sourceTree = "<group>"; };
		9FE0839226C2C50C00891A6C /* CharacterTypes.h */ = {isa = PBXFileReference; fileEncoding = 4; lastKnownFileType = sourcecode.c.h; path = CharacterTypes.h; sourceTree = "<group>"; };
		9FE0839326C2C50C00891A6C /* BinarySearch.h */ = {isa = PBXFileReference; fileEncoding = 4; lastKnownFileType = sourcecode.c.h; path = BinarySearch.h; sourceTree = "<group>"; };
		9FE0839426C2C50C00891A6C /* NonnullPtrVector.h */ = {isa = PBXFileReference; fileEncoding = 4; lastKnownFileType = sourcecode.c.h; path = NonnullPtrVector.h; sourceTree = "<group>"; };
		9FE0839526C2C50C00891A6C /* URLParser.h */ = {isa = PBXFileReference; fileEncoding = 4; lastKnownFileType = sourcecode.c.h; path = URLParser.h; sourceTree = "<group>"; };
		9FE0839626C2C50C00891A6C /* MemoryStream.h */ = {isa = PBXFileReference; fileEncoding = 4; lastKnownFileType = sourcecode.c.h; path = MemoryStream.h; sourceTree = "<group>"; };
		9FE0839726C2C50C00891A6C /* DateTimeLexer.h */ = {isa = PBXFileReference; fileEncoding = 4; lastKnownFileType = sourcecode.c.h; path = DateTimeLexer.h; sourceTree = "<group>"; };
		9FE0839826C2C50C00891A6C /* ScopedValueRollback.h */ = {isa = PBXFileReference; fileEncoding = 4; lastKnownFileType = sourcecode.c.h; path = ScopedValueRollback.h; sourceTree = "<group>"; };
		9FE0839926C2C50C00891A6C /* Buffered.h */ = {isa = PBXFileReference; fileEncoding = 4; lastKnownFileType = sourcecode.c.h; path = Buffered.h; sourceTree = "<group>"; };
		9FE0839A26C2C50C00891A6C /* TypedTransfer.h */ = {isa = PBXFileReference; fileEncoding = 4; lastKnownFileType = sourcecode.c.h; path = TypedTransfer.h; sourceTree = "<group>"; };
		9FE0839B26C2C50C00891A6C /* Traits.h */ = {isa = PBXFileReference; fileEncoding = 4; lastKnownFileType = sourcecode.c.h; path = Traits.h; sourceTree = "<group>"; };
		9FE0839C26C2C50C00891A6C /* IntrusiveList.h */ = {isa = PBXFileReference; fileEncoding = 4; lastKnownFileType = sourcecode.c.h; path = IntrusiveList.h; sourceTree = "<group>"; };
		9FE0839D26C2C50C00891A6C /* OwnPtr.h */ = {isa = PBXFileReference; fileEncoding = 4; lastKnownFileType = sourcecode.c.h; path = OwnPtr.h; sourceTree = "<group>"; };
		9FE0839E26C2C50C00891A6C /* CMakeLists.txt */ = {isa = PBXFileReference; fileEncoding = 4; lastKnownFileType = text; path = CMakeLists.txt; sourceTree = "<group>"; };
		9FE0839F26C2C50C00891A6C /* NonnullOwnPtrVector.h */ = {isa = PBXFileReference; fileEncoding = 4; lastKnownFileType = sourcecode.c.h; path = NonnullOwnPtrVector.h; sourceTree = "<group>"; };
		9FE083A026C2C50C00891A6C /* LexicalPath.cpp */ = {isa = PBXFileReference; fileEncoding = 4; lastKnownFileType = sourcecode.cpp.cpp; path = LexicalPath.cpp; sourceTree = "<group>"; };
		9FE083A126C2C50C00891A6C /* SinglyLinkedListWithCount.h */ = {isa = PBXFileReference; fileEncoding = 4; lastKnownFileType = sourcecode.c.h; path = SinglyLinkedListWithCount.h; sourceTree = "<group>"; };
		9FE083A226C2C50C00891A6C /* JsonPath.h */ = {isa = PBXFileReference; fileEncoding = 4; lastKnownFileType = sourcecode.c.h; path = JsonPath.h; sourceTree = "<group>"; };
		9FE083A326C2C50C00891A6C /* NonnullRefPtr.h */ = {isa = PBXFileReference; fileEncoding = 4; lastKnownFileType = sourcecode.c.h; path = NonnullRefPtr.h; sourceTree = "<group>"; };
		9FE083A426C2C50C00891A6C /* BumpAllocator.h */ = {isa = PBXFileReference; fileEncoding = 4; lastKnownFileType = sourcecode.c.h; path = BumpAllocator.h; sourceTree = "<group>"; };
		9FE083A526C2C50C00891A6C /* IDAllocator.h */ = {isa = PBXFileReference; fileEncoding = 4; lastKnownFileType = sourcecode.c.h; path = IDAllocator.h; sourceTree = "<group>"; };
		9FE083A626C2C50C00891A6C /* Format.cpp */ = {isa = PBXFileReference; fileEncoding = 4; lastKnownFileType = sourcecode.cpp.cpp; path = Format.cpp; sourceTree = "<group>"; };
		9FE083A726C2C50C00891A6C /* Base64.h */ = {isa = PBXFileReference; fileEncoding = 4; lastKnownFileType = sourcecode.c.h; path = Base64.h; sourceTree = "<group>"; };
		9FE083A826C2C50C00891A6C /* Demangle.h */ = {isa = PBXFileReference; fileEncoding = 4; lastKnownFileType = sourcecode.c.h; path = Demangle.h; sourceTree = "<group>"; };
		9FE083A926C2C50C00891A6C /* LEB128.h */ = {isa = PBXFileReference; fileEncoding = 4; lastKnownFileType = sourcecode.c.h; path = LEB128.h; sourceTree = "<group>"; };
		9FE083AA26C2C50C00891A6C /* DoublyLinkedList.h */ = {isa = PBXFileReference; fileEncoding = 4; lastKnownFileType = sourcecode.c.h; path = DoublyLinkedList.h; sourceTree = "<group>"; };
		9FE083AB26C2C50C00891A6C /* UUID.h */ = {isa = PBXFileReference; fileEncoding = 4; lastKnownFileType = sourcecode.c.h; path = UUID.h; sourceTree = "<group>"; };
		9FE083AC26C2C50C00891A6C /* AllOf.h */ = {isa = PBXFileReference; fileEncoding = 4; lastKnownFileType = sourcecode.c.h; path = AllOf.h; sourceTree = "<group>"; };
		9FE083AD26C2C50C00891A6C /* Assertions.h */ = {isa = PBXFileReference; fileEncoding = 4; lastKnownFileType = sourcecode.c.h; path = Assertions.h; sourceTree = "<group>"; };
		9FE083AE26C2C50C00891A6C /* Base64.cpp */ = {isa = PBXFileReference; fileEncoding = 4; lastKnownFileType = sourcecode.cpp.cpp; path = Base64.cpp; sourceTree = "<group>"; };
		9FE083AF26C2C50C00891A6C /* ScopeGuard.h */ = {isa = PBXFileReference; fileEncoding = 4; lastKnownFileType = sourcecode.c.h; path = ScopeGuard.h; sourceTree = "<group>"; };
		9FE083B026C2C50C00891A6C /* StringHash.h */ = {isa = PBXFileReference; fileEncoding = 4; lastKnownFileType = sourcecode.c.h; path = StringHash.h; sourceTree = "<group>"; };
		9FE083B126C2C50C00891A6C /* JsonObjectSerializer.h */ = {isa = PBXFileReference; fileEncoding = 4; lastKnownFileType = sourcecode.c.h; path = JsonObjectSerializer.h; sourceTree = "<group>"; };
		9FE083B226C2C50C00891A6C /* Types.h */ = {isa = PBXFileReference; fileEncoding = 4; lastKnownFileType = sourcecode.c.h; path = Types.h; sourceTree = "<group>"; };
		9FE083B326C2C50C00891A6C /* Singleton.h */ = {isa = PBXFileReference; fileEncoding = 4; lastKnownFileType = sourcecode.c.h; path = Singleton.h; sourceTree = "<group>"; };
		9FE083B426C2C50C00891A6C /* QuickSort.h */ = {isa = PBXFileReference; fileEncoding = 4; lastKnownFileType = sourcecode.c.h; path = QuickSort.h; sourceTree = "<group>"; };
		9FE083B526C2C50C00891A6C /* HashTable.h */ = {isa = PBXFileReference; fileEncoding = 4; lastKnownFileType = sourcecode.c.h; path = HashTable.h; sourceTree = "<group>"; };
		9FE083B626C2C50C00891A6C /* Endian.h */ = {isa = PBXFileReference; fileEncoding = 4; lastKnownFileType = sourcecode.c.h; path = Endian.h; sourceTree = "<group>"; };
		9FE083B726C2C50C00891A6C /* FlyString.cpp */ = {isa = PBXFileReference; fileEncoding = 4; lastKnownFileType = sourcecode.cpp.cpp; path = FlyString.cpp; sourceTree = "<group>"; };
		9FE083B826C2C50C00891A6C /* Badge.h */ = {isa = PBXFileReference; fileEncoding = 4; lastKnownFileType = sourcecode.c.h; path = Badge.h; sourceTree = "<group>"; };
		9FE083B926C2C50C00891A6C /* Find.h */ = {isa = PBXFileReference; fileEncoding = 4; lastKnownFileType = sourcecode.c.h; path = Find.h; sourceTree = "<group>"; };
		9FE083BA26C2C50C00891A6C /* UnicodeUtils.cpp */ = {isa = PBXFileReference; fileEncoding = 4; lastKnownFileType = sourcecode.cpp.cpp; path = UnicodeUtils.cpp; sourceTree = "<group>"; };
		9FE083BB26C2C50C00891A6C /* Random.cpp */ = {isa = PBXFileReference; fileEncoding = 4; lastKnownFileType = sourcecode.cpp.cpp; path = Random.cpp; sourceTree = "<group>"; };
		9FE083BC26C2C50C00891A6C /* RecursionDecision.h */ = {isa = PBXFileReference; fileEncoding = 4; lastKnownFileType = sourcecode.c.h; path = RecursionDecision.h; sourceTree = "<group>"; };
		9FE083BD26C2C50C00891A6C /* StringUtils.h */ = {isa = PBXFileReference; fileEncoding = 4; lastKnownFileType = sourcecode.c.h; path = StringUtils.h; sourceTree = "<group>"; };
		9FE083BE26C2C50C00891A6C /* MACAddress.h */ = {isa = PBXFileReference; fileEncoding = 4; lastKnownFileType = sourcecode.c.h; path = MACAddress.h; sourceTree = "<group>"; };
		9FE083BF26C2C50C00891A6C /* GenericLexer.h */ = {isa = PBXFileReference; fileEncoding = 4; lastKnownFileType = sourcecode.c.h; path = GenericLexer.h; sourceTree = "<group>"; };
		9FE083C026C2C50C00891A6C /* HashFunctions.h */ = {isa = PBXFileReference; fileEncoding = 4; lastKnownFileType = sourcecode.c.h; path = HashFunctions.h; sourceTree = "<group>"; };
		9FE083C126C2C50C00891A6C /* MappedFile.cpp */ = {isa = PBXFileReference; fileEncoding = 4; lastKnownFileType = sourcecode.cpp.cpp; path = MappedFile.cpp; sourceTree = "<group>"; };
		9FE083C226C2C50C00891A6C /* Ptr32.h */ = {isa = PBXFileReference; fileEncoding = 4; lastKnownFileType = sourcecode.c.h; path = Ptr32.h; sourceTree = "<group>"; };
		9FE083C326C2C50C00891A6C /* ScopeLogger.h */ = {isa = PBXFileReference; fileEncoding = 4; lastKnownFileType = sourcecode.c.h; path = ScopeLogger.h; sourceTree = "<group>"; };
		9FE083C426C2C50C00891A6C /* kstdio.h */ = {isa = PBXFileReference; fileEncoding = 4; lastKnownFileType = sourcecode.c.h; path = kstdio.h; sourceTree = "<group>"; };
		9FE083C526C2C50C00891A6C /* MappedFile.h */ = {isa = PBXFileReference; fileEncoding = 4; lastKnownFileType = sourcecode.c.h; path = MappedFile.h; sourceTree = "<group>"; };
		9FE083C626C2C50C00891A6C /* URL.cpp */ = {isa = PBXFileReference; fileEncoding = 4; lastKnownFileType = sourcecode.cpp.cpp; path = URL.cpp; sourceTree = "<group>"; };
		9FE083C726C2C50C00891A6C /* UnicodeUtils.h */ = {isa = PBXFileReference; fileEncoding = 4; lastKnownFileType = sourcecode.c.h; path = UnicodeUtils.h; sourceTree = "<group>"; };
		9FE083C826C2C50C00891A6C /* Result.h */ = {isa = PBXFileReference; fileEncoding = 4; lastKnownFileType = sourcecode.c.h; path = Result.h; sourceTree = "<group>"; };
		9FE083C926C2C50C00891A6C /* BinaryHeap.h */ = {isa = PBXFileReference; fileEncoding = 4; lastKnownFileType = sourcecode.c.h; path = BinaryHeap.h; sourceTree = "<group>"; };
		9FE083CA26C2C50C00891A6C /* UFixedBigInt.h */ = {isa = PBXFileReference; fileEncoding = 4; lastKnownFileType = sourcecode.c.h; path = UFixedBigInt.h; sourceTree = "<group>"; };
		9FE083CB26C2C50C00891A6C /* StringUtils.cpp */ = {isa = PBXFileReference; fileEncoding = 4; lastKnownFileType = sourcecode.cpp.cpp; path = StringUtils.cpp; sourceTree = "<group>"; };
		9FE083CC26C2C50C00891A6C /* JsonParser.cpp */ = {isa = PBXFileReference; fileEncoding = 4; lastKnownFileType = sourcecode.cpp.cpp; path = JsonParser.cpp; sourceTree = "<group>"; };
		9FE083CD26C2C50C00891A6C /* ByteBuffer.h */ = {isa = PBXFileReference; fileEncoding = 4; lastKnownFileType = sourcecode.c.h; path = ByteBuffer.h; sourceTree = "<group>"; };
		9FE083CE26C2C50C00891A6C /* String.cpp */ = {isa = PBXFileReference; fileEncoding = 4; lastKnownFileType = sourcecode.cpp.cpp; path = String.cpp; sourceTree = "<group>"; };
		9FE083CF26C2C50C00891A6C /* JsonParser.h */ = {isa = PBXFileReference; fileEncoding = 4; lastKnownFileType = sourcecode.c.h; path = JsonParser.h; sourceTree = "<group>"; };
		9FE083D026C2C50C00891A6C /* StdLibExtraDetails.h */ = {isa = PBXFileReference; fileEncoding = 4; lastKnownFileType = sourcecode.c.h; path = StdLibExtraDetails.h; sourceTree = "<group>"; };
		9FE083D126C2C50C00891A6C /* HashMap.h */ = {isa = PBXFileReference; fileEncoding = 4; lastKnownFileType = sourcecode.c.h; path = HashMap.h; sourceTree = "<group>"; };
		9FE083D226C2C50C00891A6C /* NonnullRefPtrVector.h */ = {isa = PBXFileReference; fileEncoding = 4; lastKnownFileType = sourcecode.c.h; path = NonnullRefPtrVector.h; sourceTree = "<group>"; };
		9FE083D326C2C50C00891A6C /* Debug.h.in */ = {isa = PBXFileReference; fileEncoding = 4; lastKnownFileType = text; path = Debug.h.in; sourceTree = "<group>"; };
		9FE083D426C2C50C00891A6C /* NeverDestroyed.h */ = {isa = PBXFileReference; fileEncoding = 4; lastKnownFileType = sourcecode.c.h; path = NeverDestroyed.h; sourceTree = "<group>"; };
		9FE083D526C2C50C00891A6C /* Stream.h */ = {isa = PBXFileReference; fileEncoding = 4; lastKnownFileType = sourcecode.c.h; path = Stream.h; sourceTree = "<group>"; };
		9FE083D626C2C50C00891A6C /* MemMem.h */ = {isa = PBXFileReference; fileEncoding = 4; lastKnownFileType = sourcecode.c.h; path = MemMem.h; sourceTree = "<group>"; };
		9FE083D726C2C50C00891A6C /* FixedArray.h */ = {isa = PBXFileReference; fileEncoding = 4; lastKnownFileType = sourcecode.c.h; path = FixedArray.h; sourceTree = "<group>"; };
		9FE083D826C2C50C00891A6C /* Weakable.h */ = {isa = PBXFileReference; fileEncoding = 4; lastKnownFileType = sourcecode.c.h; path = Weakable.h; sourceTree = "<group>"; };
		9FE083D926C2C50C00891A6C /* Userspace.h */ = {isa = PBXFileReference; fileEncoding = 4; lastKnownFileType = sourcecode.c.h; path = Userspace.h; sourceTree = "<group>"; };
		9FE083DA26C2C50C00891A6C /* UBSanitizer.h */ = {isa = PBXFileReference; fileEncoding = 4; lastKnownFileType = sourcecode.c.h; path = UBSanitizer.h; sourceTree = "<group>"; };
		9FE083DB26C2C50C00891A6C /* Optional.h */ = {isa = PBXFileReference; fileEncoding = 4; lastKnownFileType = sourcecode.c.h; path = Optional.h; sourceTree = "<group>"; };
		9FE083DC26C2C50C00891A6C /* EnumBits.h */ = {isa = PBXFileReference; fileEncoding = 4; lastKnownFileType = sourcecode.c.h; path = EnumBits.h; sourceTree = "<group>"; };
		9FE083DD26C2C50C00891A6C /* IPv4Address.h */ = {isa = PBXFileReference; fileEncoding = 4; lastKnownFileType = sourcecode.c.h; path = IPv4Address.h; sourceTree = "<group>"; };
		9FE083DE26C2C50C00891A6C /* DistinctNumeric.h */ = {isa = PBXFileReference; fileEncoding = 4; lastKnownFileType = sourcecode.c.h; path = DistinctNumeric.h; sourceTree = "<group>"; };
		9FE083DF26C2C50C00891A6C /* StringBuilder.cpp */ = {isa = PBXFileReference; fileEncoding = 4; lastKnownFileType = sourcecode.cpp.cpp; path = StringBuilder.cpp; sourceTree = "<group>"; };
		9FE083E026C2C50D00891A6C /* JsonValue.h */ = {isa = PBXFileReference; fileEncoding = 4; lastKnownFileType = sourcecode.c.h; path = JsonValue.h; sourceTree = "<group>"; };
		9FE083E126C2C50D00891A6C /* kmalloc.h */ = {isa = PBXFileReference; fileEncoding = 4; lastKnownFileType = sourcecode.c.h; path = kmalloc.h; sourceTree = "<group>"; };
		9FE083E226C2C50D00891A6C /* UUID.cpp */ = {isa = PBXFileReference; fileEncoding = 4; lastKnownFileType = sourcecode.cpp.cpp; path = UUID.cpp; sourceTree = "<group>"; };
		9FE083E326C2C50D00891A6C /* Utf16View.h */ = {isa = PBXFileReference; fileEncoding = 4; lastKnownFileType = sourcecode.c.h; path = Utf16View.h; sourceTree = "<group>"; };
		9FE083E426C2C50D00891A6C /* CircularDuplexStream.h */ = {isa = PBXFileReference; fileEncoding = 4; lastKnownFileType = sourcecode.c.h; path = CircularDuplexStream.h; sourceTree = "<group>"; };
		9FE083E526C2C50D00891A6C /* Utf32View.h */ = {isa = PBXFileReference; fileEncoding = 4; lastKnownFileType = sourcecode.c.h; path = Utf32View.h; sourceTree = "<group>"; };
		9FE083E626C2C50D00891A6C /* CheckedFormatString.h */ = {isa = PBXFileReference; fileEncoding = 4; lastKnownFileType = sourcecode.c.h; path = CheckedFormatString.h; sourceTree = "<group>"; };
		9FE083E726C2C50D00891A6C /* JsonValue.cpp */ = {isa = PBXFileReference; fileEncoding = 4; lastKnownFileType = sourcecode.cpp.cpp; path = JsonValue.cpp; sourceTree = "<group>"; };
		9FE083E826C2C50D00891A6C /* NumericLimits.h */ = {isa = PBXFileReference; fileEncoding = 4; lastKnownFileType = sourcecode.c.h; path = NumericLimits.h; sourceTree = "<group>"; };
		9FE083E926C2C50D00891A6C /* JsonObject.h */ = {isa = PBXFileReference; fileEncoding = 4; lastKnownFileType = sourcecode.c.h; path = JsonObject.h; sourceTree = "<group>"; };
		9FE083EA26C2C50D00891A6C /* BitStream.h */ = {isa = PBXFileReference; fileEncoding = 4; lastKnownFileType = sourcecode.c.h; path = BitStream.h; sourceTree = "<group>"; };
		9FE083EB26C2C50D00891A6C /* CircularDeque.h */ = {isa = PBXFileReference; fileEncoding = 4; lastKnownFileType = sourcecode.c.h; path = CircularDeque.h; sourceTree = "<group>"; };
		9FE083EC26C2C50D00891A6C /* Noncopyable.h */ = {isa = PBXFileReference; fileEncoding = 4; lastKnownFileType = sourcecode.c.h; path = Noncopyable.h; sourceTree = "<group>"; };
		9FE083ED26C2C50D00891A6C /* Utf8View.cpp */ = {isa = PBXFileReference; fileEncoding = 4; lastKnownFileType = sourcecode.cpp.cpp; path = Utf8View.cpp; sourceTree = "<group>"; };
		9FE083EE26C2C50D00891A6C /* URL.h */ = {isa = PBXFileReference; fileEncoding = 4; lastKnownFileType = sourcecode.c.h; path = URL.h; sourceTree = "<group>"; };
		9FE083EF26C2C50D00891A6C /* JsonPath.cpp */ = {isa = PBXFileReference; fileEncoding = 4; lastKnownFileType = sourcecode.cpp.cpp; path = JsonPath.cpp; sourceTree = "<group>"; };
		9FE083F026C2C50D00891A6C /* StackInfo.h */ = {isa = PBXFileReference; fileEncoding = 4; lastKnownFileType = sourcecode.c.h; path = StackInfo.h; sourceTree = "<group>"; };
		9FE083F126C2C50D00891A6C /* Hex.h */ = {isa = PBXFileReference; fileEncoding = 4; lastKnownFileType = sourcecode.c.h; path = Hex.h; sourceTree = "<group>"; };
		9FE083F226C2C50D00891A6C /* IterationDecision.h */ = {isa = PBXFileReference; fileEncoding = 4; lastKnownFileType = sourcecode.c.h; path = IterationDecision.h; sourceTree = "<group>"; };
		9FE083F326C2C50D00891A6C /* GenericLexer.cpp */ = {isa = PBXFileReference; fileEncoding = 4; lastKnownFileType = sourcecode.cpp.cpp; path = GenericLexer.cpp; sourceTree = "<group>"; };
		9FE083F426C2C50D00891A6C /* TypeList.h */ = {isa = PBXFileReference; fileEncoding = 4; lastKnownFileType = sourcecode.c.h; path = TypeList.h; sourceTree = "<group>"; };
		9FE083F526C2C50D00891A6C /* FileStream.h */ = {isa = PBXFileReference; fileEncoding = 4; lastKnownFileType = sourcecode.c.h; path = FileStream.h; sourceTree = "<group>"; };
		9FE083F626C2C50D00891A6C /* JsonArray.h */ = {isa = PBXFileReference; fileEncoding = 4; lastKnownFileType = sourcecode.c.h; path = JsonArray.h; sourceTree = "<group>"; };
		9FE083F726C2C50D00891A6C /* Utf8View.h */ = {isa = PBXFileReference; fileEncoding = 4; lastKnownFileType = sourcecode.c.h; path = Utf8View.h; sourceTree = "<group>"; };
		9FE083F826C2C50D00891A6C /* FlyString.h */ = {isa = PBXFileReference; fileEncoding = 4; lastKnownFileType = sourcecode.c.h; path = FlyString.h; sourceTree = "<group>"; };
		9FE083F926C2C50D00891A6C /* StringView.h */ = {isa = PBXFileReference; fileEncoding = 4; lastKnownFileType = sourcecode.c.h; path = StringView.h; sourceTree = "<group>"; };
		9FE083FA26C2C50D00891A6C /* Array.h */ = {isa = PBXFileReference; fileEncoding = 4; lastKnownFileType = sourcecode.c.h; path = Array.h; sourceTree = "<group>"; };
		9FE083FB26C2C50D00891A6C /* SIMD.h */ = {isa = PBXFileReference; fileEncoding = 4; lastKnownFileType = sourcecode.c.h; path = SIMD.h; sourceTree = "<group>"; };
		9FE083FC26C2C50D00891A6C /* Stack.h */ = {isa = PBXFileReference; fileEncoding = 4; lastKnownFileType = sourcecode.c.h; path = Stack.h; sourceTree = "<group>"; };
		9FE083FD26C2C50D00891A6C /* Hex.cpp */ = {isa = PBXFileReference; fileEncoding = 4; lastKnownFileType = sourcecode.cpp.cpp; path = Hex.cpp; sourceTree = "<group>"; };
		9FE083FE26C2C50D00891A6C /* SinglyLinkedList.h */ = {isa = PBXFileReference; fileEncoding = 4; lastKnownFileType = sourcecode.c.h; path = SinglyLinkedList.h; sourceTree = "<group>"; };
		9FE083FF26C2C50D00891A6C /* StringImpl.cpp */ = {isa = PBXFileReference; fileEncoding = 4; lastKnownFileType = sourcecode.cpp.cpp; path = StringImpl.cpp; sourceTree = "<group>"; };
		9FE0840026C2C50D00891A6C /* JsonArraySerializer.h */ = {isa = PBXFileReference; fileEncoding = 4; lastKnownFileType = sourcecode.c.h; path = JsonArraySerializer.h; sourceTree = "<group>"; };
		9FE0840126C2C50D00891A6C /* Checked.h */ = {isa = PBXFileReference; fileEncoding = 4; lastKnownFileType = sourcecode.c.h; path = Checked.h; sourceTree = "<group>"; };
		9FE0840226C2C50D00891A6C /* StringView.cpp */ = {isa = PBXFileReference; fileEncoding = 4; lastKnownFileType = sourcecode.cpp.cpp; path = StringView.cpp; sourceTree = "<group>"; };
		9FE0840326C2C50D00891A6C /* Tuple.h */ = {isa = PBXFileReference; fileEncoding = 4; lastKnownFileType = sourcecode.c.h; path = Tuple.h; sourceTree = "<group>"; };
		9FE0840426C2C50D00891A6C /* Math.h */ = {isa = PBXFileReference; fileEncoding = 4; lastKnownFileType = sourcecode.c.h; path = Math.h; sourceTree = "<group>"; };
		9FE0840526C2C50D00891A6C /* Memory.h */ = {isa = PBXFileReference; fileEncoding = 4; lastKnownFileType = sourcecode.c.h; path = Memory.h; sourceTree = "<group>"; };
		9FE0840626C2C50D00891A6C /* StackInfo.cpp */ = {isa = PBXFileReference; fileEncoding = 4; lastKnownFileType = sourcecode.cpp.cpp; path = StackInfo.cpp; sourceTree = "<group>"; };
		9FE0840726C2C50D00891A6C /* TemporaryChange.h */ = {isa = PBXFileReference; fileEncoding = 4; lastKnownFileType = sourcecode.c.h; path = TemporaryChange.h; sourceTree = "<group>"; };
		9FE0840826C2C50D00891A6C /* SourceLocation.h */ = {isa = PBXFileReference; fileEncoding = 4; lastKnownFileType = sourcecode.c.h; path = SourceLocation.h; sourceTree = "<group>"; };
		9FE0840926C2C50D00891A6C /* RefPtr.h */ = {isa = PBXFileReference; fileEncoding = 4; lastKnownFileType = sourcecode.c.h; path = RefPtr.h; sourceTree = "<group>"; };
		9FE0840A26C2C50D00891A6C /* Span.h */ = {isa = PBXFileReference; fileEncoding = 4; lastKnownFileType = sourcecode.c.h; path = Span.h; sourceTree = "<group>"; };
		9FE0840B26C2C50D00891A6C /* WeakPtr.h */ = {isa = PBXFileReference; fileEncoding = 4; lastKnownFileType = sourcecode.c.h; path = WeakPtr.h; sourceTree = "<group>"; };
		9FE0840C26C2C50D00891A6C /* StringBuilder.h */ = {isa = PBXFileReference; fileEncoding = 4; lastKnownFileType = sourcecode.c.h; path = StringBuilder.h; sourceTree = "<group>"; };
		9FE0840D26C2C50D00891A6C /* CircularQueue.h */ = {isa = PBXFileReference; fileEncoding = 4; lastKnownFileType = sourcecode.c.h; path = CircularQueue.h; sourceTree = "<group>"; };
		9FE0840E26C2C50D00891A6C /* LexicalPath.h */ = {isa = PBXFileReference; fileEncoding = 4; lastKnownFileType = sourcecode.c.h; path = LexicalPath.h; sourceTree = "<group>"; };
		9FE0840F26C2C50D00891A6C /* NonnullOwnPtr.h */ = {isa = PBXFileReference; fileEncoding = 4; lastKnownFileType = sourcecode.c.h; path = NonnullOwnPtr.h; sourceTree = "<group>"; };
		9FE0841026C2C50D00891A6C /* ExtraMathConstants.h */ = {isa = PBXFileReference; fileEncoding = 4; lastKnownFileType = sourcecode.c.h; path = ExtraMathConstants.h; sourceTree = "<group>"; };
		9FE0841126C2C50D00891A6C /* SourceGenerator.h */ = {isa = PBXFileReference; fileEncoding = 4; lastKnownFileType = sourcecode.c.h; path = SourceGenerator.h; sourceTree = "<group>"; };
		9FE0841226C2C50D00891A6C /* NumberFormat.h */ = {isa = PBXFileReference; fileEncoding = 4; lastKnownFileType = sourcecode.c.h; path = NumberFormat.h; sourceTree = "<group>"; };
		9FE0841326C2C50D00891A6C /* Format.h */ = {isa = PBXFileReference; fileEncoding = 4; lastKnownFileType = sourcecode.c.h; path = Format.h; sourceTree = "<group>"; };
		9FE0841426C2C50D00891A6C /* StdLibExtras.h */ = {isa = PBXFileReference; fileEncoding = 4; lastKnownFileType = sourcecode.c.h; path = StdLibExtras.h; sourceTree = "<group>"; };
		9FE0841526C2C50D00891A6C /* IntrusiveListRelaxedConst.h */ = {isa = PBXFileReference; fileEncoding = 4; lastKnownFileType = sourcecode.c.h; path = IntrusiveListRelaxedConst.h; sourceTree = "<group>"; };
		9FE0841626C2C50D00891A6C /* RefCounted.h */ = {isa = PBXFileReference; fileEncoding = 4; lastKnownFileType = sourcecode.c.h; path = RefCounted.h; sourceTree = "<group>"; };
		9FE0841726C2C50D00891A6C /* BinaryBufferWriter.h */ = {isa = PBXFileReference; fileEncoding = 4; lastKnownFileType = sourcecode.c.h; path = BinaryBufferWriter.h; sourceTree = "<group>"; };
		9FE0841826C2C50D00891A6C /* Vector.h */ = {isa = PBXFileReference; fileEncoding = 4; lastKnownFileType = sourcecode.c.h; path = Vector.h; sourceTree = "<group>"; };
		9FE0841926C2C50D00891A6C /* Bitmap.h */ = {isa = PBXFileReference; fileEncoding = 4; lastKnownFileType = sourcecode.c.h; path = Bitmap.h; sourceTree = "<group>"; };
		9FE0841A26C2C50D00891A6C /* Trie.h */ = {isa = PBXFileReference; fileEncoding = 4; lastKnownFileType = sourcecode.c.h; path = Trie.h; sourceTree = "<group>"; };
		9FE0841B26C2C50D00891A6C /* AnyOf.h */ = {isa = PBXFileReference; fileEncoding = 4; lastKnownFileType = sourcecode.c.h; path = AnyOf.h; sourceTree = "<group>"; };
		9FE0841C26C2C50D00891A6C /* Concepts.h */ = {isa = PBXFileReference; fileEncoding = 4; lastKnownFileType = sourcecode.c.h; path = Concepts.h; sourceTree = "<group>"; };
		9FE0841D26C2C50D00891A6C /* PrintfImplementation.h */ = {isa = PBXFileReference; fileEncoding = 4; lastKnownFileType = sourcecode.c.h; path = PrintfImplementation.h; sourceTree = "<group>"; };
		9FE0841E26C2C50D00891A6C /* URLParser.cpp */ = {isa = PBXFileReference; fileEncoding = 4; lastKnownFileType = sourcecode.cpp.cpp; path = URLParser.cpp; sourceTree = "<group>"; };
		9FE0841F26C2C50D00891A6C /* BitCast.h */ = {isa = PBXFileReference; fileEncoding = 4; lastKnownFileType = sourcecode.c.h; path = BitCast.h; sourceTree = "<group>"; };
		9FE0842026C2C50D00891A6C /* Platform.h */ = {isa = PBXFileReference; fileEncoding = 4; lastKnownFileType = sourcecode.c.h; path = Platform.h; sourceTree = "<group>"; };
		9FE0842126C2C50D00891A6C /* Iterator.h */ = {isa = PBXFileReference; fileEncoding = 4; lastKnownFileType = sourcecode.c.h; path = Iterator.h; sourceTree = "<group>"; };
		9FE0842226C2C50D00891A6C /* kmalloc.cpp */ = {isa = PBXFileReference; fileEncoding = 4; lastKnownFileType = sourcecode.cpp.cpp; path = kmalloc.cpp; sourceTree = "<group>"; };
		9FE0842326C2C50D00891A6C /* Function.h */ = {isa = PBXFileReference; fileEncoding = 4; lastKnownFileType = sourcecode.c.h; path = Function.h; sourceTree = "<group>"; };
		9FE0842426C2C50D00891A6C /* TypeCasts.h */ = {isa = PBXFileReference; fileEncoding = 4; lastKnownFileType = sourcecode.c.h; path = TypeCasts.h; sourceTree = "<group>"; };
		9FE0842526C2C50D00891A6C /* Complex.h */ = {isa = PBXFileReference; fileEncoding = 4; lastKnownFileType = sourcecode.c.h; path = Complex.h; sourceTree = "<group>"; };
		9FE0842626C2C50D00891A6C /* Queue.h */ = {isa = PBXFileReference; fileEncoding = 4; lastKnownFileType = sourcecode.c.h; path = Queue.h; sourceTree = "<group>"; };
		9FE0842726C2C50D00891A6C /* Utf16View.cpp */ = {isa = PBXFileReference; fileEncoding = 4; lastKnownFileType = sourcecode.cpp.cpp; path = Utf16View.cpp; sourceTree = "<group>"; };
		9FE0842826C2C50D00891A6C /* Random.h */ = {isa = PBXFileReference; fileEncoding = 4; lastKnownFileType = sourcecode.c.h; path = Random.h; sourceTree = "<group>"; };
		9FE0842926C2C50D00891A6C /* OSError.h */ = {isa = PBXFileReference; fileEncoding = 4; lastKnownFileType = sourcecode.c.h; path = OSError.h; sourceTree = "<group>"; };
		9FE0842A26C2C50D00891A6C /* IntrusiveRedBlackTree.h */ = {isa = PBXFileReference; fileEncoding = 4; lastKnownFileType = sourcecode.c.h; path = IntrusiveRedBlackTree.h; sourceTree = "<group>"; };
		9FE0842B26C2C50D00891A6C /* RedBlackTree.h */ = {isa = PBXFileReference; fileEncoding = 4; lastKnownFileType = sourcecode.c.h; path = RedBlackTree.h; sourceTree = "<group>"; };
		9FE0842C26C2C50D00891A6C /* BitmapView.h */ = {isa = PBXFileReference; fileEncoding = 4; lastKnownFileType = sourcecode.c.h; path = BitmapView.h; sourceTree = "<group>"; };
		9FE0842D26C2C50D00891A6C /* Forward.h */ = {isa = PBXFileReference; fileEncoding = 4; lastKnownFileType = sourcecode.c.h; path = Forward.h; sourceTree = "<group>"; };
		9FE0842E26C2C50D00891A6C /* Time.cpp */ = {isa = PBXFileReference; fileEncoding = 4; lastKnownFileType = sourcecode.cpp.cpp; path = Time.cpp; sourceTree = "<group>"; };
		9FE0842F26C2C50D00891A6C /* String.h */ = {isa = PBXFileReference; fileEncoding = 4; lastKnownFileType = sourcecode.c.h; path = String.h; sourceTree = "<group>"; };
		9FE0843026C2C50D00891A6C /* Variant.h */ = {isa = PBXFileReference; fileEncoding = 4; lastKnownFileType = sourcecode.c.h; path = Variant.h; sourceTree = "<group>"; };
		9FE0843126C2C50D00891A6C /* ByteReader.h */ = {isa = PBXFileReference; fileEncoding = 4; lastKnownFileType = sourcecode.c.h; path = ByteReader.h; sourceTree = "<group>"; };
		9FE0843226C2C50D00891A6C /* Atomic.h */ = {isa = PBXFileReference; fileEncoding = 4; lastKnownFileType = sourcecode.c.h; path = Atomic.h; sourceTree = "<group>"; };
/* End PBXFileReference section */

/* Begin PBXFrameworksBuildPhase section */
		9F1EEBC626C2AFCB004854B2 /* Frameworks */ = {
			isa = PBXFrameworksBuildPhase;
			buildActionMask = 2147483647;
			files = (
			);
			runOnlyForDeploymentPostprocessing = 0;
		};
/* End PBXFrameworksBuildPhase section */

/* Begin PBXGroup section */
		9F1EEBC026C2AFCB004854B2 = {
			isa = PBXGroup;
			children = (
				9FE0836D26C2C2F600891A6C /* LICENSE */,
				9FAFEA3C26C2B570001A72B4 /* .clang-tidy */,
				9FE082A926C2B8C400891A6C /* README.md */,
				9F1EEBCB26C2AFCB004854B2 /* pranaOS */,
				9F1EEBCA26C2AFCB004854B2 /* Products */,
			);
			sourceTree = "<group>";
		};
		9F1EEBCA26C2AFCB004854B2 /* Products */ = {
			isa = PBXGroup;
			children = (
				9F1EEBC926C2AFCB004854B2 /* pranaOS */,
			);
			name = Products;
			sourceTree = "<group>";
		};
		9F1EEBCB26C2AFCB004854B2 /* pranaOS */ = {
			isa = PBXGroup;
			children = (
				9FE0838F26C2C50C00891A6C /* base */,
				9FE082AA26C2B8EA00891A6C /* docs */,
				9F1EEBE126C2B058004854B2 /* boot */,
				9F1EED1D26C2B059004854B2 /* build */,
				9F1EEC0A26C2B058004854B2 /* kernel */,
				9F1EED4C26C2B059004854B2 /* plans */,
				9F1EED2726C2B059004854B2 /* ports */,
				9F1EED3226C2B059004854B2 /* sysroot */,
				9F1EED2F26C2B059004854B2 /* toolchain */,
				9F1EED4E26C2B059004854B2 /* userland */,
			);
			path = pranaOS;
			sourceTree = "<group>";
		};
		9F1EEBE126C2B058004854B2 /* boot */ = {
			isa = PBXGroup;
			children = (
				9F1EEBE226C2B058004854B2 /* aarch32 */,
				9F1EEBE626C2B058004854B2 /* x86 */,
			);
			path = boot;
			sourceTree = "<group>";
		};
		9F1EEBE226C2B058004854B2 /* aarch32 */ = {
			isa = PBXGroup;
			children = (
				9F1EEBE326C2B058004854B2 /* _start.s */,
				9F1EEBE426C2B058004854B2 /* vm_init.c */,
				9F1EEBE526C2B058004854B2 /* _loader.s */,
			);
			path = aarch32;
			sourceTree = "<group>";
		};
		9F1EEBE626C2B058004854B2 /* x86 */ = {
			isa = PBXGroup;
			children = (
				9F1EEBE726C2B058004854B2 /* stage3_entry.s */,
				9F1EEBE826C2B058004854B2 /* stage1 */,
				9F1EEBF226C2B058004854B2 /* stage2_entry.s */,
				9F1EEBF326C2B058004854B2 /* stage2 */,
			);
			path = x86;
			sourceTree = "<group>";
		};
		9F1EEBE826C2B058004854B2 /* stage1 */ = {
			isa = PBXGroup;
			children = (
				9F1EEBE926C2B058004854B2 /* utils32 */,
				9F1EEBEC26C2B058004854B2 /* utils16 */,
				9F1EEBF126C2B058004854B2 /* boot.s */,
			);
			path = stage1;
			sourceTree = "<group>";
		};
		9F1EEBE926C2B058004854B2 /* utils32 */ = {
			isa = PBXGroup;
			children = (
				9F1EEBEA26C2B058004854B2 /* print.s */,
				9F1EEBEB26C2B058004854B2 /* gdt.s */,
			);
			path = utils32;
			sourceTree = "<group>";
		};
		9F1EEBEC26C2B058004854B2 /* utils16 */ = {
			isa = PBXGroup;
			children = (
				9F1EEBED26C2B058004854B2 /* switch_to_pm.s */,
				9F1EEBEE26C2B058004854B2 /* disk_load.s */,
				9F1EEBEF26C2B058004854B2 /* smm.s */,
				9F1EEBF026C2B058004854B2 /* print.s */,
			);
			path = utils16;
			sourceTree = "<group>";
		};
		9F1EEBF326C2B058004854B2 /* stage2 */ = {
			isa = PBXGroup;
			children = (
				9F1EEBF426C2B058004854B2 /* drivers */,
				9F1EEC0126C2B058004854B2 /* config.h */,
				9F1EEC0226C2B058004854B2 /* types.h */,
				9F1EEC0326C2B058004854B2 /* stage2.c */,
				9F1EEC0426C2B058004854B2 /* mem */,
			);
			path = stage2;
			sourceTree = "<group>";
		};
		9F1EEBF426C2B058004854B2 /* drivers */ = {
			isa = PBXGroup;
			children = (
				9F1EEBF526C2B058004854B2 /* display.c */,
				9F1EEBF626C2B058004854B2 /* ata.h */,
				9F1EEBF726C2B058004854B2 /* port.h */,
				9F1EEBF826C2B058004854B2 /* elf_lite.c */,
				9F1EEBF926C2B058004854B2 /* fs_desc.h */,
				9F1EEBFA26C2B058004854B2 /* drive_desc.h */,
				9F1EEBFB26C2B058004854B2 /* ext2_lite.c */,
				9F1EEBFC26C2B058004854B2 /* ata.c */,
				9F1EEBFD26C2B058004854B2 /* display.h */,
				9F1EEBFE26C2B058004854B2 /* port.c */,
				9F1EEBFF26C2B058004854B2 /* elf_lite.h */,
				9F1EEC0026C2B058004854B2 /* ext2_lite.h */,
			);
			path = drivers;
			sourceTree = "<group>";
		};
		9F1EEC0426C2B058004854B2 /* mem */ = {
			isa = PBXGroup;
			children = (
				9F1EEC0526C2B058004854B2 /* pte.h */,
				9F1EEC0626C2B058004854B2 /* vm.c */,
				9F1EEC0726C2B058004854B2 /* pde.h */,
				9F1EEC0826C2B058004854B2 /* mem_map.h */,
				9F1EEC0926C2B058004854B2 /* vm.h */,
			);
			path = mem;
			sourceTree = "<group>";
		};
		9F1EEC0A26C2B058004854B2 /* kernel */ = {
			isa = PBXGroup;
			children = (
				9FE0838026C2C3A800891A6C /* acpi */,
			);
			path = kernel;
			sourceTree = "<group>";
		};
		9F1EED1D26C2B059004854B2 /* build */ = {
			isa = PBXGroup;
			children = (
				9F1EED1E26C2B059004854B2 /* build.xcodeproj */,
				9F1EED2126C2B059004854B2 /* makefile.configs */,
				9F1EED2226C2B059004854B2 /* kernel */,
			);
			path = build;
			sourceTree = "<group>";
		};
		9F1EED1F26C2B059004854B2 /* Products */ = {
			isa = PBXGroup;
			children = (
			);
			name = Products;
			sourceTree = "<group>";
		};
		9F1EED2226C2B059004854B2 /* kernel */ = {
			isa = PBXGroup;
			children = (
				9F1EED2326C2B059004854B2 /* get_kernel_files.py */,
				9F1EED2426C2B059004854B2 /* BUILD.gn */,
				9F1EED2526C2B059004854B2 /* gen_config.py */,
			);
			path = kernel;
			sourceTree = "<group>";
		};
		9F1EED2726C2B059004854B2 /* ports */ = {
			isa = PBXGroup;
			children = (
				9F1EED2826C2B059004854B2 /* README.md */,
				9F1EED2926C2B059004854B2 /* curl */,
			);
			path = ports;
			sourceTree = "<group>";
		};
		9F1EED2926C2B059004854B2 /* curl */ = {
			isa = PBXGroup;
			children = (
				9F1EED2A26C2B059004854B2 /* patches */,
				9F1EED2E26C2B059004854B2 /* package.sh */,
			);
			path = curl;
			sourceTree = "<group>";
		};
		9F1EED2A26C2B059004854B2 /* patches */ = {
			isa = PBXGroup;
			children = (
				9F1EED2B26C2B059004854B2 /* disable-prototype-mismatch-check.patch */,
				9F1EED2C26C2B059004854B2 /* fix-autoconf.patch */,
				9F1EED2D26C2B059004854B2 /* include-sys-select-h.patch */,
			);
			path = patches;
			sourceTree = "<group>";
		};
		9F1EED2F26C2B059004854B2 /* toolchain */ = {
			isa = PBXGroup;
			children = (
				9F1EED3026C2B059004854B2 /* scripts */,
			);
			path = toolchain;
			sourceTree = "<group>";
		};
		9F1EED3026C2B059004854B2 /* scripts */ = {
			isa = PBXGroup;
			children = (
				9F1EED3126C2B059004854B2 /* i686-elf-tools.sh */,
			);
			path = scripts;
			sourceTree = "<group>";
		};
		9F1EED3226C2B059004854B2 /* sysroot */ = {
			isa = PBXGroup;
			children = (
				9F1EED3326C2B059004854B2 /* res */,
			);
			path = sysroot;
			sourceTree = "<group>";
		};
		9F1EED3326C2B059004854B2 /* res */ = {
			isa = PBXGroup;
			children = (
				9F1EED3426C2B059004854B2 /* wallpapers */,
				9F1EED3826C2B059004854B2 /* themes */,
				9F1EED3B26C2B059004854B2 /* cursors */,
				9F1EED4926C2B059004854B2 /* pranaos */,
			);
			path = res;
			sourceTree = "<group>";
		};
		9F1EED3426C2B059004854B2 /* wallpapers */ = {
			isa = PBXGroup;
			children = (
				9F1EED3526C2B059004854B2 /* fantasy.jpg */,
				9F1EED3626C2B059004854B2 /* mountain.jpg */,
				9F1EED3726C2B059004854B2 /* cool.jpg */,
			);
			path = wallpapers;
			sourceTree = "<group>";
		};
		9F1EED3826C2B059004854B2 /* themes */ = {
			isa = PBXGroup;
			children = (
				9F1EED3926C2B059004854B2 /* Default.ini */,
				9F1EED3A26C2B059004854B2 /* Light.ini */,
			);
			path = themes;
			sourceTree = "<group>";
		};
		9F1EED3B26C2B059004854B2 /* cursors */ = {
			isa = PBXGroup;
			children = (
				9F1EED3C26C2B059004854B2 /* cursor.png */,
				9F1EED3D26C2B059004854B2 /* notallowed.png */,
				9F1EED3E26C2B059004854B2 /* pointinghand.png */,
				9F1EED3F26C2B059004854B2 /* move.png */,
				9F1EED4026C2B059004854B2 /* help.png */,
				9F1EED4126C2B059004854B2 /* zoomout.png */,
				9F1EED4226C2B059004854B2 /* openhand.png */,
				9F1EED4326C2B059004854B2 /* resizenortheastsouthwest.png */,
				9F1EED4426C2B059004854B2 /* column.png */,
				9F1EED4526C2B059004854B2 /* wait.png */,
				9F1EED4626C2B059004854B2 /* zoomin.png */,
				9F1EED4726C2B059004854B2 /* closedhand.png */,
				9F1EED4826C2B059004854B2 /* copy.png */,
			);
			path = cursors;
			sourceTree = "<group>";
		};
		9F1EED4926C2B059004854B2 /* pranaos */ = {
			isa = PBXGroup;
			children = (
				9F1EED4A26C2B059004854B2 /* pranaOS.jpg */,
				9F1EED4B26C2B059004854B2 /* pranaOS_banner.png */,
			);
			path = pranaos;
			sourceTree = "<group>";
		};
		9F1EED4C26C2B059004854B2 /* plans */ = {
			isa = PBXGroup;
			children = (
				9F1EED4D26C2B059004854B2 /* futureplans.pdf */,
			);
			path = plans;
			sourceTree = "<group>";
		};
		9F1EED4E26C2B059004854B2 /* userland */ = {
			isa = PBXGroup;
			children = (
				9F1EED4F26C2B059004854B2 /* CMakeLists.txt */,
				9F1EED5026C2B059004854B2 /* tests */,
				9F1EED5426C2B059004854B2 /* libraries */,
				9F1EED5526C2B059004854B2 /* utilities */,
				9F1EED5C26C2B059004854B2 /* crts */,
			);
			path = userland;
			sourceTree = "<group>";
		};
		9F1EED5026C2B059004854B2 /* tests */ = {
			isa = PBXGroup;
			children = (
				9F1EED5126C2B059004854B2 /* libio */,
			);
			path = tests;
			sourceTree = "<group>";
		};
		9F1EED5126C2B059004854B2 /* libio */ = {
			isa = PBXGroup;
			children = (
				9F1EED5226C2B059004854B2 /* NumberFormat.cpp */,
				9F1EED5326C2B059004854B2 /* BitReaderTest.cpp */,
			);
			path = libio;
			sourceTree = "<group>";
		};
		9F1EED5426C2B059004854B2 /* libraries */ = {
			isa = PBXGroup;
			children = (
			);
			path = libraries;
			sourceTree = "<group>";
		};
		9F1EED5526C2B059004854B2 /* utilities */ = {
			isa = PBXGroup;
			children = (
				9F1EED5626C2B059004854B2 /* cp.cpp */,
				9F1EED5726C2B059004854B2 /* CMakeLists.txt */,
				9F1EED5826C2B059004854B2 /* cat.cpp */,
				9F1EED5926C2B059004854B2 /* basename.cpp */,
				9F1EED5A26C2B059004854B2 /* clear.cpp */,
				9F1EED5B26C2B059004854B2 /* echo.cpp */,
			);
			path = utilities;
			sourceTree = "<group>";
		};
		9F1EED5C26C2B059004854B2 /* crts */ = {
			isa = PBXGroup;
			children = (
				9F1EED5D26C2B059004854B2 /* x86_32 */,
				9F1EED6126C2B059004854B2 /* x86_64 */,
			);
			path = crts;
			sourceTree = "<group>";
		};
		9F1EED5D26C2B059004854B2 /* x86_32 */ = {
			isa = PBXGroup;
			children = (
				9F1EED5E26C2B059004854B2 /* crti.s */,
				9F1EED5F26C2B059004854B2 /* crtn.s */,
				9F1EED6026C2B059004854B2 /* crt0.s */,
			);
			path = x86_32;
			sourceTree = "<group>";
		};
		9F1EED6126C2B059004854B2 /* x86_64 */ = {
			isa = PBXGroup;
			children = (
				9F1EED6226C2B059004854B2 /* crti.s */,
				9F1EED6326C2B059004854B2 /* crtn.s */,
				9F1EED6426C2B059004854B2 /* crt0.s */,
			);
			path = x86_64;
			sourceTree = "<group>";
		};
		9FE082AA26C2B8EA00891A6C /* docs */ = {
			isa = PBXGroup;
			children = (
				9FE082AB26C2B8F600891A6C /* build.md */,
			);
			path = docs;
			sourceTree = "<group>";
		};
		9FE0838026C2C3A800891A6C /* acpi */ = {
			isa = PBXGroup;
			children = (
				9FE0838126C2C3A800891A6C /* MultiProcessorParser.cpp */,
				9FE0838226C2C3A800891A6C /* Initialize.cpp */,
				9FE0838326C2C3A800891A6C /* Parser.h */,
				9FE0838426C2C3A800891A6C /* DynamicParser.h */,
				9FE0838526C2C3A800891A6C /* DynamicParser.cpp */,
				9FE0838626C2C3A800891A6C /* MultiProcessorParser.h */,
				9FE0838726C2C3A800891A6C /* Initialize.h */,
				9FE0838826C2C3A800891A6C /* Definitions.h */,
				9FE0838926C2C3A800891A6C /* Parser.cpp */,
			);
			path = acpi;
			sourceTree = "<group>";
		};
		9FE0838F26C2C50C00891A6C /* base */ = {
			isa = PBXGroup;
			children = (
				9FE0839026C2C50C00891A6C /* Time.h */,
				9FE0839126C2C50C00891A6C /* StringImpl.h */,
				9FE0839226C2C50C00891A6C /* CharacterTypes.h */,
				9FE0839326C2C50C00891A6C /* BinarySearch.h */,
				9FE0839426C2C50C00891A6C /* NonnullPtrVector.h */,
				9FE0839526C2C50C00891A6C /* URLParser.h */,
				9FE0839626C2C50C00891A6C /* MemoryStream.h */,
				9FE0839726C2C50C00891A6C /* DateTimeLexer.h */,
				9FE0839826C2C50C00891A6C /* ScopedValueRollback.h */,
				9FE0839926C2C50C00891A6C /* Buffered.h */,
				9FE0839A26C2C50C00891A6C /* TypedTransfer.h */,
				9FE0839B26C2C50C00891A6C /* Traits.h */,
				9FE0839C26C2C50C00891A6C /* IntrusiveList.h */,
				9FE0839D26C2C50C00891A6C /* OwnPtr.h */,
				9FE0839E26C2C50C00891A6C /* CMakeLists.txt */,
				9FE0839F26C2C50C00891A6C /* NonnullOwnPtrVector.h */,
				9FE083A026C2C50C00891A6C /* LexicalPath.cpp */,
				9FE083A126C2C50C00891A6C /* SinglyLinkedListWithCount.h */,
				9FE083A226C2C50C00891A6C /* JsonPath.h */,
				9FE083A326C2C50C00891A6C /* NonnullRefPtr.h */,
				9FE083A426C2C50C00891A6C /* BumpAllocator.h */,
				9FE083A526C2C50C00891A6C /* IDAllocator.h */,
				9FE083A626C2C50C00891A6C /* Format.cpp */,
				9FE083A726C2C50C00891A6C /* Base64.h */,
				9FE083A826C2C50C00891A6C /* Demangle.h */,
				9FE083A926C2C50C00891A6C /* LEB128.h */,
				9FE083AA26C2C50C00891A6C /* DoublyLinkedList.h */,
				9FE083AB26C2C50C00891A6C /* UUID.h */,
				9FE083AC26C2C50C00891A6C /* AllOf.h */,
				9FE083AD26C2C50C00891A6C /* Assertions.h */,
				9FE083AE26C2C50C00891A6C /* Base64.cpp */,
				9FE083AF26C2C50C00891A6C /* ScopeGuard.h */,
				9FE083B026C2C50C00891A6C /* StringHash.h */,
				9FE083B126C2C50C00891A6C /* JsonObjectSerializer.h */,
				9FE083B226C2C50C00891A6C /* Types.h */,
				9FE083B326C2C50C00891A6C /* Singleton.h */,
				9FE083B426C2C50C00891A6C /* QuickSort.h */,
				9FE083B526C2C50C00891A6C /* HashTable.h */,
				9FE083B626C2C50C00891A6C /* Endian.h */,
				9FE083B726C2C50C00891A6C /* FlyString.cpp */,
				9FE083B826C2C50C00891A6C /* Badge.h */,
				9FE083B926C2C50C00891A6C /* Find.h */,
				9FE083BA26C2C50C00891A6C /* UnicodeUtils.cpp */,
				9FE083BB26C2C50C00891A6C /* Random.cpp */,
				9FE083BC26C2C50C00891A6C /* RecursionDecision.h */,
				9FE083BD26C2C50C00891A6C /* StringUtils.h */,
				9FE083BE26C2C50C00891A6C /* MACAddress.h */,
				9FE083BF26C2C50C00891A6C /* GenericLexer.h */,
				9FE083C026C2C50C00891A6C /* HashFunctions.h */,
				9FE083C126C2C50C00891A6C /* MappedFile.cpp */,
				9FE083C226C2C50C00891A6C /* Ptr32.h */,
				9FE083C326C2C50C00891A6C /* ScopeLogger.h */,
				9FE083C426C2C50C00891A6C /* kstdio.h */,
				9FE083C526C2C50C00891A6C /* MappedFile.h */,
				9FE083C626C2C50C00891A6C /* URL.cpp */,
				9FE083C726C2C50C00891A6C /* UnicodeUtils.h */,
				9FE083C826C2C50C00891A6C /* Result.h */,
				9FE083C926C2C50C00891A6C /* BinaryHeap.h */,
				9FE083CA26C2C50C00891A6C /* UFixedBigInt.h */,
				9FE083CB26C2C50C00891A6C /* StringUtils.cpp */,
				9FE083CC26C2C50C00891A6C /* JsonParser.cpp */,
				9FE083CD26C2C50C00891A6C /* ByteBuffer.h */,
				9FE083CE26C2C50C00891A6C /* String.cpp */,
				9FE083CF26C2C50C00891A6C /* JsonParser.h */,
				9FE083D026C2C50C00891A6C /* StdLibExtraDetails.h */,
				9FE083D126C2C50C00891A6C /* HashMap.h */,
				9FE083D226C2C50C00891A6C /* NonnullRefPtrVector.h */,
				9FE083D326C2C50C00891A6C /* Debug.h.in */,
				9FE083D426C2C50C00891A6C /* NeverDestroyed.h */,
				9FE083D526C2C50C00891A6C /* Stream.h */,
				9FE083D626C2C50C00891A6C /* MemMem.h */,
				9FE083D726C2C50C00891A6C /* FixedArray.h */,
				9FE083D826C2C50C00891A6C /* Weakable.h */,
				9FE083D926C2C50C00891A6C /* Userspace.h */,
				9FE083DA26C2C50C00891A6C /* UBSanitizer.h */,
				9FE083DB26C2C50C00891A6C /* Optional.h */,
				9FE083DC26C2C50C00891A6C /* EnumBits.h */,
				9FE083DD26C2C50C00891A6C /* IPv4Address.h */,
				9FE083DE26C2C50C00891A6C /* DistinctNumeric.h */,
				9FE083DF26C2C50C00891A6C /* StringBuilder.cpp */,
				9FE083E026C2C50D00891A6C /* JsonValue.h */,
				9FE083E126C2C50D00891A6C /* kmalloc.h */,
				9FE083E226C2C50D00891A6C /* UUID.cpp */,
				9FE083E326C2C50D00891A6C /* Utf16View.h */,
				9FE083E426C2C50D00891A6C /* CircularDuplexStream.h */,
				9FE083E526C2C50D00891A6C /* Utf32View.h */,
				9FE083E626C2C50D00891A6C /* CheckedFormatString.h */,
				9FE083E726C2C50D00891A6C /* JsonValue.cpp */,
				9FE083E826C2C50D00891A6C /* NumericLimits.h */,
				9FE083E926C2C50D00891A6C /* JsonObject.h */,
				9FE083EA26C2C50D00891A6C /* BitStream.h */,
				9FE083EB26C2C50D00891A6C /* CircularDeque.h */,
				9FE083EC26C2C50D00891A6C /* Noncopyable.h */,
				9FE083ED26C2C50D00891A6C /* Utf8View.cpp */,
				9FE083EE26C2C50D00891A6C /* URL.h */,
				9FE083EF26C2C50D00891A6C /* JsonPath.cpp */,
				9FE083F026C2C50D00891A6C /* StackInfo.h */,
				9FE083F126C2C50D00891A6C /* Hex.h */,
				9FE083F226C2C50D00891A6C /* IterationDecision.h */,
				9FE083F326C2C50D00891A6C /* GenericLexer.cpp */,
				9FE083F426C2C50D00891A6C /* TypeList.h */,
				9FE083F526C2C50D00891A6C /* FileStream.h */,
				9FE083F626C2C50D00891A6C /* JsonArray.h */,
				9FE083F726C2C50D00891A6C /* Utf8View.h */,
				9FE083F826C2C50D00891A6C /* FlyString.h */,
				9FE083F926C2C50D00891A6C /* StringView.h */,
				9FE083FA26C2C50D00891A6C /* Array.h */,
				9FE083FB26C2C50D00891A6C /* SIMD.h */,
				9FE083FC26C2C50D00891A6C /* Stack.h */,
				9FE083FD26C2C50D00891A6C /* Hex.cpp */,
				9FE083FE26C2C50D00891A6C /* SinglyLinkedList.h */,
				9FE083FF26C2C50D00891A6C /* StringImpl.cpp */,
				9FE0840026C2C50D00891A6C /* JsonArraySerializer.h */,
				9FE0840126C2C50D00891A6C /* Checked.h */,
				9FE0840226C2C50D00891A6C /* StringView.cpp */,
				9FE0840326C2C50D00891A6C /* Tuple.h */,
				9FE0840426C2C50D00891A6C /* Math.h */,
				9FE0840526C2C50D00891A6C /* Memory.h */,
				9FE0840626C2C50D00891A6C /* StackInfo.cpp */,
				9FE0840726C2C50D00891A6C /* TemporaryChange.h */,
				9FE0840826C2C50D00891A6C /* SourceLocation.h */,
				9FE0840926C2C50D00891A6C /* RefPtr.h */,
				9FE0840A26C2C50D00891A6C /* Span.h */,
				9FE0840B26C2C50D00891A6C /* WeakPtr.h */,
				9FE0840C26C2C50D00891A6C /* StringBuilder.h */,
				9FE0840D26C2C50D00891A6C /* CircularQueue.h */,
				9FE0840E26C2C50D00891A6C /* LexicalPath.h */,
				9FE0840F26C2C50D00891A6C /* NonnullOwnPtr.h */,
				9FE0841026C2C50D00891A6C /* ExtraMathConstants.h */,
				9FE0841126C2C50D00891A6C /* SourceGenerator.h */,
				9FE0841226C2C50D00891A6C /* NumberFormat.h */,
				9FE0841326C2C50D00891A6C /* Format.h */,
				9FE0841426C2C50D00891A6C /* StdLibExtras.h */,
				9FE0841526C2C50D00891A6C /* IntrusiveListRelaxedConst.h */,
				9FE0841626C2C50D00891A6C /* RefCounted.h */,
				9FE0841726C2C50D00891A6C /* BinaryBufferWriter.h */,
				9FE0841826C2C50D00891A6C /* Vector.h */,
				9FE0841926C2C50D00891A6C /* Bitmap.h */,
				9FE0841A26C2C50D00891A6C /* Trie.h */,
				9FE0841B26C2C50D00891A6C /* AnyOf.h */,
				9FE0841C26C2C50D00891A6C /* Concepts.h */,
				9FE0841D26C2C50D00891A6C /* PrintfImplementation.h */,
				9FE0841E26C2C50D00891A6C /* URLParser.cpp */,
				9FE0841F26C2C50D00891A6C /* BitCast.h */,
				9FE0842026C2C50D00891A6C /* Platform.h */,
				9FE0842126C2C50D00891A6C /* Iterator.h */,
				9FE0842226C2C50D00891A6C /* kmalloc.cpp */,
				9FE0842326C2C50D00891A6C /* Function.h */,
				9FE0842426C2C50D00891A6C /* TypeCasts.h */,
				9FE0842526C2C50D00891A6C /* Complex.h */,
				9FE0842626C2C50D00891A6C /* Queue.h */,
				9FE0842726C2C50D00891A6C /* Utf16View.cpp */,
				9FE0842826C2C50D00891A6C /* Random.h */,
				9FE0842926C2C50D00891A6C /* OSError.h */,
				9FE0842A26C2C50D00891A6C /* IntrusiveRedBlackTree.h */,
				9FE0842B26C2C50D00891A6C /* RedBlackTree.h */,
				9FE0842C26C2C50D00891A6C /* BitmapView.h */,
				9FE0842D26C2C50D00891A6C /* Forward.h */,
				9FE0842E26C2C50D00891A6C /* Time.cpp */,
				9FE0842F26C2C50D00891A6C /* String.h */,
				9FE0843026C2C50D00891A6C /* Variant.h */,
				9FE0843126C2C50D00891A6C /* ByteReader.h */,
				9FE0843226C2C50D00891A6C /* Atomic.h */,
			);
			path = base;
			sourceTree = "<group>";
		};
/* End PBXGroup section */

/* Begin PBXNativeTarget section */
		9F1EEBC826C2AFCB004854B2 /* pranaOS */ = {
			isa = PBXNativeTarget;
			buildConfigurationList = 9F1EEBD026C2AFCB004854B2 /* Build configuration list for PBXNativeTarget "pranaOS" */;
			buildPhases = (
				9F1EEBC526C2AFCB004854B2 /* Sources */,
				9F1EEBC626C2AFCB004854B2 /* Frameworks */,
				9F1EEBC726C2AFCB004854B2 /* CopyFiles */,
			);
			buildRules = (
			);
			dependencies = (
			);
			name = pranaOS;
			productName = pranaOS;
			productReference = 9F1EEBC926C2AFCB004854B2 /* pranaOS */;
			productType = "com.apple.product-type.tool";
		};
/* End PBXNativeTarget section */

/* Begin PBXProject section */
		9F1EEBC126C2AFCB004854B2 /* Project object */ = {
			isa = PBXProject;
			attributes = {
				LastUpgradeCheck = 1230;
				TargetAttributes = {
					9F1EEBC826C2AFCB004854B2 = {
						CreatedOnToolsVersion = 12.3;
					};
				};
			};
			buildConfigurationList = 9F1EEBC426C2AFCB004854B2 /* Build configuration list for PBXProject "pranaOS" */;
			compatibilityVersion = "Xcode 9.3";
			developmentRegion = en;
			hasScannedForEncodings = 0;
			knownRegions = (
				en,
				Base,
			);
			mainGroup = 9F1EEBC026C2AFCB004854B2;
			productRefGroup = 9F1EEBCA26C2AFCB004854B2 /* Products */;
			projectDirPath = "";
			projectReferences = (
				{
					ProductGroup = 9F1EED1F26C2B059004854B2 /* Products */;
					ProjectRef = 9F1EED1E26C2B059004854B2 /* build.xcodeproj */;
				},
			);
			projectRoot = "";
			targets = (
				9F1EEBC826C2AFCB004854B2 /* pranaOS */,
			);
		};
/* End PBXProject section */

/* Begin PBXSourcesBuildPhase section */
		9F1EEBC526C2AFCB004854B2 /* Sources */ = {
			isa = PBXSourcesBuildPhase;
			buildActionMask = 2147483647;
			files = (
				9FE0843726C2C50D00891A6C /* UnicodeUtils.cpp in Sources */,
				9FE0844126C2C50D00891A6C /* Utf8View.cpp in Sources */,
				9FE0838B26C2C3A800891A6C /* Initialize.cpp in Sources */,
				9F1EED7126C2B059004854B2 /* display.c in Sources */,
				9FE0843A26C2C50D00891A6C /* URL.cpp in Sources */,
				9F1EED6726C2B059004854B2 /* _loader.s in Sources */,
				9FE0843F26C2C50D00891A6C /* UUID.cpp in Sources */,
				9F1EEDC426C2B05A004854B2 /* echo.cpp in Sources */,
				9FE0843326C2C50D00891A6C /* LexicalPath.cpp in Sources */,
				9FE0844426C2C50D00891A6C /* Hex.cpp in Sources */,
				9FE0843D26C2C50D00891A6C /* String.cpp in Sources */,
				9FE0843826C2C50D00891A6C /* Random.cpp in Sources */,
				9F1EED6526C2B059004854B2 /* _start.s in Sources */,
				9F1EED7226C2B059004854B2 /* elf_lite.c in Sources */,
				9F1EEDC126C2B05A004854B2 /* cat.cpp in Sources */,
				9F1EED7426C2B059004854B2 /* ata.c in Sources */,
				9FE0843C26C2C50D00891A6C /* JsonParser.cpp in Sources */,
				9FE0844B26C2C50D00891A6C /* Time.cpp in Sources */,
				9F1EEDC826C2B05A004854B2 /* crti.s in Sources */,
				9F1EEDBF26C2B05A004854B2 /* BitReaderTest.cpp in Sources */,
				9F1EEDC326C2B05A004854B2 /* clear.cpp in Sources */,
				9F1EEDC626C2B05A004854B2 /* crtn.s in Sources */,
				9F1EED6626C2B059004854B2 /* vm_init.c in Sources */,
				9FE0844826C2C50D00891A6C /* URLParser.cpp in Sources */,
				9FE0843926C2C50D00891A6C /* MappedFile.cpp in Sources */,
				9FE0838C26C2C3A800891A6C /* DynamicParser.cpp in Sources */,
				9F1EED7526C2B059004854B2 /* port.c in Sources */,
				9F1EED6F26C2B059004854B2 /* boot.s in Sources */,
				9F1EEDC526C2B05A004854B2 /* crti.s in Sources */,
				9F1EED6E26C2B059004854B2 /* print.s in Sources */,
				9F1EEDC026C2B05A004854B2 /* cp.cpp in Sources */,
				9FE0838A26C2C3A800891A6C /* MultiProcessorParser.cpp in Sources */,
				9F1EED6926C2B059004854B2 /* print.s in Sources */,
				9FE0844026C2C50D00891A6C /* JsonValue.cpp in Sources */,
				9F1EEDCA26C2B05A004854B2 /* crt0.s in Sources */,
				9F1EEDC726C2B05A004854B2 /* crt0.s in Sources */,
				9FE0843626C2C50D00891A6C /* FlyString.cpp in Sources */,
				9FE0843526C2C50D00891A6C /* Base64.cpp in Sources */,
				9FE0843E26C2C50D00891A6C /* StringBuilder.cpp in Sources */,
				9FE0843B26C2C50D00891A6C /* StringUtils.cpp in Sources */,
				9FE0844926C2C50D00891A6C /* kmalloc.cpp in Sources */,
				9F1EEDC226C2B05A004854B2 /* basename.cpp in Sources */,
				9F1EED6D26C2B059004854B2 /* smm.s in Sources */,
				9F1EED7726C2B059004854B2 /* vm.c in Sources */,
				9F1EEDC926C2B05A004854B2 /* crtn.s in Sources */,
				9FE0843426C2C50D00891A6C /* Format.cpp in Sources */,
				9F1EED6826C2B059004854B2 /* stage3_entry.s in Sources */,
				9F1EED7026C2B059004854B2 /* stage2_entry.s in Sources */,
				9FE0844226C2C50D00891A6C /* JsonPath.cpp in Sources */,
				9FE0838D26C2C3A800891A6C /* Parser.cpp in Sources */,
				9F1EED7326C2B059004854B2 /* ext2_lite.c in Sources */,
				9FE0844326C2C50D00891A6C /* GenericLexer.cpp in Sources */,
				9FE0844A26C2C50D00891A6C /* Utf16View.cpp in Sources */,
				9FE0844626C2C50D00891A6C /* StringView.cpp in Sources */,
				9FE0844526C2C50D00891A6C /* StringImpl.cpp in Sources */,
				9FE0844726C2C50D00891A6C /* StackInfo.cpp in Sources */,
				9F1EED6C26C2B059004854B2 /* disk_load.s in Sources */,
				9F1EED6A26C2B059004854B2 /* gdt.s in Sources */,
				9F1EED7626C2B059004854B2 /* stage2.c in Sources */,
				9F1EED6B26C2B059004854B2 /* switch_to_pm.s in Sources */,
				9F1EEDBE26C2B05A004854B2 /* NumberFormat.cpp in Sources */,
			);
			runOnlyForDeploymentPostprocessing = 0;
		};
/* End PBXSourcesBuildPhase section */

/* Begin XCBuildConfiguration section */
		9F1EEBCE26C2AFCB004854B2 /* Debug */ = {
			isa = XCBuildConfiguration;
			buildSettings = {
				ALWAYS_SEARCH_USER_PATHS = NO;
				CLANG_ANALYZER_NONNULL = YES;
				CLANG_ANALYZER_NUMBER_OBJECT_CONVERSION = YES_AGGRESSIVE;
				CLANG_CXX_LANGUAGE_STANDARD = "gnu++14";
				CLANG_CXX_LIBRARY = "libc++";
				CLANG_ENABLE_MODULES = YES;
				CLANG_ENABLE_OBJC_ARC = YES;
				CLANG_ENABLE_OBJC_WEAK = YES;
				CLANG_WARN_BLOCK_CAPTURE_AUTORELEASING = YES;
				CLANG_WARN_BOOL_CONVERSION = YES;
				CLANG_WARN_COMMA = YES;
				CLANG_WARN_CONSTANT_CONVERSION = YES;
				CLANG_WARN_DEPRECATED_OBJC_IMPLEMENTATIONS = YES;
				CLANG_WARN_DIRECT_OBJC_ISA_USAGE = YES_ERROR;
				CLANG_WARN_DOCUMENTATION_COMMENTS = YES;
				CLANG_WARN_EMPTY_BODY = YES;
				CLANG_WARN_ENUM_CONVERSION = YES;
				CLANG_WARN_INFINITE_RECURSION = YES;
				CLANG_WARN_INT_CONVERSION = YES;
				CLANG_WARN_NON_LITERAL_NULL_CONVERSION = YES;
				CLANG_WARN_OBJC_IMPLICIT_RETAIN_SELF = YES;
				CLANG_WARN_OBJC_LITERAL_CONVERSION = YES;
				CLANG_WARN_OBJC_ROOT_CLASS = YES_ERROR;
				CLANG_WARN_QUOTED_INCLUDE_IN_FRAMEWORK_HEADER = YES;
				CLANG_WARN_RANGE_LOOP_ANALYSIS = YES;
				CLANG_WARN_STRICT_PROTOTYPES = YES;
				CLANG_WARN_SUSPICIOUS_MOVE = YES;
				CLANG_WARN_UNGUARDED_AVAILABILITY = YES_AGGRESSIVE;
				CLANG_WARN_UNREACHABLE_CODE = YES;
				CLANG_WARN__DUPLICATE_METHOD_MATCH = YES;
				COPY_PHASE_STRIP = NO;
				DEBUG_INFORMATION_FORMAT = dwarf;
				ENABLE_STRICT_OBJC_MSGSEND = YES;
				ENABLE_TESTABILITY = YES;
				GCC_C_LANGUAGE_STANDARD = gnu11;
				GCC_DYNAMIC_NO_PIC = NO;
				GCC_NO_COMMON_BLOCKS = YES;
				GCC_OPTIMIZATION_LEVEL = 0;
				GCC_PREPROCESSOR_DEFINITIONS = (
					"DEBUG=1",
					"$(inherited)",
				);
				GCC_WARN_64_TO_32_BIT_CONVERSION = YES;
				GCC_WARN_ABOUT_RETURN_TYPE = YES_ERROR;
				GCC_WARN_UNDECLARED_SELECTOR = YES;
				GCC_WARN_UNINITIALIZED_AUTOS = YES_AGGRESSIVE;
				GCC_WARN_UNUSED_FUNCTION = YES;
				GCC_WARN_UNUSED_VARIABLE = YES;
				MACOSX_DEPLOYMENT_TARGET = 11.1;
				MTL_ENABLE_DEBUG_INFO = INCLUDE_SOURCE;
				MTL_FAST_MATH = YES;
				ONLY_ACTIVE_ARCH = YES;
				SDKROOT = macosx;
			};
			name = Debug;
		};
		9F1EEBCF26C2AFCB004854B2 /* Release */ = {
			isa = XCBuildConfiguration;
			buildSettings = {
				ALWAYS_SEARCH_USER_PATHS = NO;
				CLANG_ANALYZER_NONNULL = YES;
				CLANG_ANALYZER_NUMBER_OBJECT_CONVERSION = YES_AGGRESSIVE;
				CLANG_CXX_LANGUAGE_STANDARD = "gnu++14";
				CLANG_CXX_LIBRARY = "libc++";
				CLANG_ENABLE_MODULES = YES;
				CLANG_ENABLE_OBJC_ARC = YES;
				CLANG_ENABLE_OBJC_WEAK = YES;
				CLANG_WARN_BLOCK_CAPTURE_AUTORELEASING = YES;
				CLANG_WARN_BOOL_CONVERSION = YES;
				CLANG_WARN_COMMA = YES;
				CLANG_WARN_CONSTANT_CONVERSION = YES;
				CLANG_WARN_DEPRECATED_OBJC_IMPLEMENTATIONS = YES;
				CLANG_WARN_DIRECT_OBJC_ISA_USAGE = YES_ERROR;
				CLANG_WARN_DOCUMENTATION_COMMENTS = YES;
				CLANG_WARN_EMPTY_BODY = YES;
				CLANG_WARN_ENUM_CONVERSION = YES;
				CLANG_WARN_INFINITE_RECURSION = YES;
				CLANG_WARN_INT_CONVERSION = YES;
				CLANG_WARN_NON_LITERAL_NULL_CONVERSION = YES;
				CLANG_WARN_OBJC_IMPLICIT_RETAIN_SELF = YES;
				CLANG_WARN_OBJC_LITERAL_CONVERSION = YES;
				CLANG_WARN_OBJC_ROOT_CLASS = YES_ERROR;
				CLANG_WARN_QUOTED_INCLUDE_IN_FRAMEWORK_HEADER = YES;
				CLANG_WARN_RANGE_LOOP_ANALYSIS = YES;
				CLANG_WARN_STRICT_PROTOTYPES = YES;
				CLANG_WARN_SUSPICIOUS_MOVE = YES;
				CLANG_WARN_UNGUARDED_AVAILABILITY = YES_AGGRESSIVE;
				CLANG_WARN_UNREACHABLE_CODE = YES;
				CLANG_WARN__DUPLICATE_METHOD_MATCH = YES;
				COPY_PHASE_STRIP = NO;
				DEBUG_INFORMATION_FORMAT = "dwarf-with-dsym";
				ENABLE_NS_ASSERTIONS = NO;
				ENABLE_STRICT_OBJC_MSGSEND = YES;
				GCC_C_LANGUAGE_STANDARD = gnu11;
				GCC_NO_COMMON_BLOCKS = YES;
				GCC_WARN_64_TO_32_BIT_CONVERSION = YES;
				GCC_WARN_ABOUT_RETURN_TYPE = YES_ERROR;
				GCC_WARN_UNDECLARED_SELECTOR = YES;
				GCC_WARN_UNINITIALIZED_AUTOS = YES_AGGRESSIVE;
				GCC_WARN_UNUSED_FUNCTION = YES;
				GCC_WARN_UNUSED_VARIABLE = YES;
				MACOSX_DEPLOYMENT_TARGET = 11.1;
				MTL_ENABLE_DEBUG_INFO = NO;
				MTL_FAST_MATH = YES;
				SDKROOT = macosx;
			};
			name = Release;
		};
		9F1EEBD126C2AFCB004854B2 /* Debug */ = {
			isa = XCBuildConfiguration;
			buildSettings = {
				CODE_SIGN_STYLE = Automatic;
				PRODUCT_NAME = "$(TARGET_NAME)";
			};
			name = Debug;
		};
		9F1EEBD226C2AFCB004854B2 /* Release */ = {
			isa = XCBuildConfiguration;
			buildSettings = {
				CODE_SIGN_STYLE = Automatic;
				PRODUCT_NAME = "$(TARGET_NAME)";
			};
			name = Release;
		};
/* End XCBuildConfiguration section */

/* Begin XCConfigurationList section */
		9F1EEBC426C2AFCB004854B2 /* Build configuration list for PBXProject "pranaOS" */ = {
			isa = XCConfigurationList;
			buildConfigurations = (
				9F1EEBCE26C2AFCB004854B2 /* Debug */,
				9F1EEBCF26C2AFCB004854B2 /* Release */,
			);
			defaultConfigurationIsVisible = 0;
			defaultConfigurationName = Release;
		};
		9F1EEBD026C2AFCB004854B2 /* Build configuration list for PBXNativeTarget "pranaOS" */ = {
			isa = XCConfigurationList;
			buildConfigurations = (
				9F1EEBD126C2AFCB004854B2 /* Debug */,
				9F1EEBD226C2AFCB004854B2 /* Release */,
			);
			defaultConfigurationIsVisible = 0;
			defaultConfigurationName = Release;
		};
/* End XCConfigurationList section */
	};
	rootObject = 9F1EEBC126C2AFCB004854B2 /* Project object */;
}
